// !$*UTF8*$!
{
	archiveVersion = 1;
	classes = {
	};
	objectVersion = 56;
	objects = {

/* Begin PBXBuildFile section */
		CC1432122B1118070039A4E4 /* UIViewController+Extension.swift in Sources */ = {isa = PBXBuildFile; fileRef = CC1432112B1118070039A4E4 /* UIViewController+Extension.swift */; };
		CC51BD382AFE5F5A00BC7402 /* AppDelegate.swift in Sources */ = {isa = PBXBuildFile; fileRef = CC51BD372AFE5F5A00BC7402 /* AppDelegate.swift */; };
		CC51BD3A2AFE5F5A00BC7402 /* SceneDelegate.swift in Sources */ = {isa = PBXBuildFile; fileRef = CC51BD392AFE5F5A00BC7402 /* SceneDelegate.swift */; };
		CC51BD3F2AFE5F5A00BC7402 /* Main.storyboard in Resources */ = {isa = PBXBuildFile; fileRef = CC51BD3D2AFE5F5A00BC7402 /* Main.storyboard */; };
		CC51BD412AFE5F5B00BC7402 /* Assets.xcassets in Resources */ = {isa = PBXBuildFile; fileRef = CC51BD402AFE5F5B00BC7402 /* Assets.xcassets */; };
		CC51BD442AFE5F5B00BC7402 /* LaunchScreen.storyboard in Resources */ = {isa = PBXBuildFile; fileRef = CC51BD422AFE5F5B00BC7402 /* LaunchScreen.storyboard */; };
		CC51BD4F2AFE5F5C00BC7402 /* ZooInfoTests.swift in Sources */ = {isa = PBXBuildFile; fileRef = CC51BD4E2AFE5F5C00BC7402 /* ZooInfoTests.swift */; };
		CC51BD592AFE5F5C00BC7402 /* ZooInfoUITests.swift in Sources */ = {isa = PBXBuildFile; fileRef = CC51BD582AFE5F5C00BC7402 /* ZooInfoUITests.swift */; };
		CC51BD5B2AFE5F5C00BC7402 /* ZooInfoUITestsLaunchTests.swift in Sources */ = {isa = PBXBuildFile; fileRef = CC51BD5A2AFE5F5C00BC7402 /* ZooInfoUITestsLaunchTests.swift */; };
		CC51BD692AFE5FB600BC7402 /* CombineMoya in Frameworks */ = {isa = PBXBuildFile; productRef = CC51BD682AFE5FB600BC7402 /* CombineMoya */; };
		CC51BD6B2AFE5FB600BC7402 /* Moya in Frameworks */ = {isa = PBXBuildFile; productRef = CC51BD6A2AFE5FB600BC7402 /* Moya */; };
		CC51BD6D2AFE5FB600BC7402 /* RxMoya in Frameworks */ = {isa = PBXBuildFile; productRef = CC51BD6C2AFE5FB600BC7402 /* RxMoya */; };
		CC51BD722AFE606900BC7402 /* AllAnimalInfo.swift in Sources */ = {isa = PBXBuildFile; fileRef = CC51BD712AFE606900BC7402 /* AllAnimalInfo.swift */; };
		CC51BD742AFE607E00BC7402 /* ZooCategoryInfo.swift in Sources */ = {isa = PBXBuildFile; fileRef = CC51BD732AFE607E00BC7402 /* ZooCategoryInfo.swift */; };
		CC51BD772AFE60A600BC7402 /* Api.swift in Sources */ = {isa = PBXBuildFile; fileRef = CC51BD762AFE60A600BC7402 /* Api.swift */; };
		CCCE2B542AFF3D5B00AD33BB /* ZooCategoryVC.swift in Sources */ = {isa = PBXBuildFile; fileRef = CCCE2B532AFF3D5B00AD33BB /* ZooCategoryVC.swift */; };
		CCCE2B572AFF3E8400AD33BB /* ZooCategoryItemCell.swift in Sources */ = {isa = PBXBuildFile; fileRef = CCCE2B552AFF3E8400AD33BB /* ZooCategoryItemCell.swift */; };
		CCCE2B582AFF3E8400AD33BB /* ZooCategoryItemCell.xib in Resources */ = {isa = PBXBuildFile; fileRef = CCCE2B562AFF3E8400AD33BB /* ZooCategoryItemCell.xib */; };
		CCCE2B5B2AFF3E9400AD33BB /* Kingfisher in Frameworks */ = {isa = PBXBuildFile; productRef = CCCE2B5A2AFF3E9400AD33BB /* Kingfisher */; };
		CCCE2B5D2AFF813200AD33BB /* ZooCategoryViewModel.swift in Sources */ = {isa = PBXBuildFile; fileRef = CCCE2B5C2AFF813200AD33BB /* ZooCategoryViewModel.swift */; };
		CCCE2B5F2AFF814200AD33BB /* ZooCategoryRepository.swift in Sources */ = {isa = PBXBuildFile; fileRef = CCCE2B5E2AFF814200AD33BB /* ZooCategoryRepository.swift */; };
		CCCE2B622AFF884400AD33BB /* ETBinding in Frameworks */ = {isa = PBXBuildFile; productRef = CCCE2B612AFF884400AD33BB /* ETBinding */; };
		CCCF6CCA2B023D9F00E49CEC /* ZooSummaryVC.swift in Sources */ = {isa = PBXBuildFile; fileRef = CCCF6CC92B023D9F00E49CEC /* ZooSummaryVC.swift */; };
		CCCF6CD12B02416D00E49CEC /* UIColor+Extension.swift in Sources */ = {isa = PBXBuildFile; fileRef = CCCF6CD02B02416D00E49CEC /* UIColor+Extension.swift */; };
		CCCF6CD42B024AC300E49CEC /* ZooSummaryItemCell.swift in Sources */ = {isa = PBXBuildFile; fileRef = CCCF6CD22B024AC200E49CEC /* ZooSummaryItemCell.swift */; };
		CCCF6CD52B024AC300E49CEC /* ZooSummaryItemCell.xib in Resources */ = {isa = PBXBuildFile; fileRef = CCCF6CD32B024AC200E49CEC /* ZooSummaryItemCell.xib */; };
		CCCF6CD92B03A8DE00E49CEC /* ZooSummaryRepository.swift in Sources */ = {isa = PBXBuildFile; fileRef = CCCF6CD82B03A8DE00E49CEC /* ZooSummaryRepository.swift */; };
		CCCF6CDB2B03A8ED00E49CEC /* ZooSummaryViewModel.swift in Sources */ = {isa = PBXBuildFile; fileRef = CCCF6CDA2B03A8ED00E49CEC /* ZooSummaryViewModel.swift */; };
		CCCF6CDD2B03DC4D00E49CEC /* AllPlantInfo.swift in Sources */ = {isa = PBXBuildFile; fileRef = CCCF6CDC2B03DC4D00E49CEC /* AllPlantInfo.swift */; };
		CCCF6CDF2B05227D00E49CEC /* BaseRepository.swift in Sources */ = {isa = PBXBuildFile; fileRef = CCCF6CDE2B05227D00E49CEC /* BaseRepository.swift */; };
		CCCF6CE12B05232700E49CEC /* BaseViewModel.swift in Sources */ = {isa = PBXBuildFile; fileRef = CCCF6CE02B05232700E49CEC /* BaseViewModel.swift */; };
		CCCF6CE32B0523B700E49CEC /* BaseVC.swift in Sources */ = {isa = PBXBuildFile; fileRef = CCCF6CE22B0523B700E49CEC /* BaseVC.swift */; };
		CCE613842B067F6700176345 /* animated_launch_icon.gif in Resources */ = {isa = PBXBuildFile; fileRef = CCE613832B067F6700176345 /* animated_launch_icon.gif */; };
		CCE613892B076EA900176345 /* ZooAboutVC.swift in Sources */ = {isa = PBXBuildFile; fileRef = CCE613882B076EA900176345 /* ZooAboutVC.swift */; };
		CCE6138D2B08FC9000176345 /* ZooMapVC.swift in Sources */ = {isa = PBXBuildFile; fileRef = CCE6138C2B08FC9000176345 /* ZooMapVC.swift */; };
		CCE613902B08FE4600176345 /* WebKit.framework in Frameworks */ = {isa = PBXBuildFile; fileRef = CCE6138F2B08FE4600176345 /* WebKit.framework */; };
		CCE613932B09028D00176345 /* SKPhotoBrowser in Frameworks */ = {isa = PBXBuildFile; productRef = CCE613922B09028D00176345 /* SKPhotoBrowser */; };
		CCE613992B0BD13400176345 /* ZooGameVC.swift in Sources */ = {isa = PBXBuildFile; fileRef = CCE613982B0BD13400176345 /* ZooGameVC.swift */; };
		CCE6139B2B0BD14A00176345 /* ZooGameViewModel.swift in Sources */ = {isa = PBXBuildFile; fileRef = CCE6139A2B0BD14A00176345 /* ZooGameViewModel.swift */; };
		CCE613A02B0BD46400176345 /* ZooCardItemCell.swift in Sources */ = {isa = PBXBuildFile; fileRef = CCE6139E2B0BD46400176345 /* ZooCardItemCell.swift */; };
		CCE613A12B0BD46400176345 /* ZooCardItemCell.xib in Resources */ = {isa = PBXBuildFile; fileRef = CCE6139F2B0BD46400176345 /* ZooCardItemCell.xib */; };
		CCE613A32B0CD15300176345 /* Utils.swift in Sources */ = {isa = PBXBuildFile; fileRef = CCE613A22B0CD15300176345 /* Utils.swift */; };
/* End PBXBuildFile section */

/* Begin PBXContainerItemProxy section */
		CC51BD4B2AFE5F5C00BC7402 /* PBXContainerItemProxy */ = {
			isa = PBXContainerItemProxy;
			containerPortal = CC51BD2C2AFE5F5A00BC7402 /* Project object */;
			proxyType = 1;
			remoteGlobalIDString = CC51BD332AFE5F5A00BC7402;
			remoteInfo = ZooInfo;
		};
		CC51BD552AFE5F5C00BC7402 /* PBXContainerItemProxy */ = {
			isa = PBXContainerItemProxy;
			containerPortal = CC51BD2C2AFE5F5A00BC7402 /* Project object */;
			proxyType = 1;
			remoteGlobalIDString = CC51BD332AFE5F5A00BC7402;
			remoteInfo = ZooInfo;
		};
/* End PBXContainerItemProxy section */

/* Begin PBXFileReference section */
		CC14320F2B10B09F0039A4E4 /* ZooInfoTests.xctest */ = {isa = PBXFileReference; explicitFileType = wrapper.cfbundle; includeInIndex = 0; path = ZooInfoTests.xctest; sourceTree = BUILT_PRODUCTS_DIR; };
		CC1432102B10B09F0039A4E4 /* ZooInfoUITests.xctest */ = {isa = PBXFileReference; explicitFileType = wrapper.cfbundle; includeInIndex = 0; path = ZooInfoUITests.xctest; sourceTree = BUILT_PRODUCTS_DIR; };
		CC1432112B1118070039A4E4 /* UIViewController+Extension.swift */ = {isa = PBXFileReference; lastKnownFileType = sourcecode.swift; path = "UIViewController+Extension.swift"; sourceTree = "<group>"; };
		CC51BD372AFE5F5A00BC7402 /* AppDelegate.swift */ = {isa = PBXFileReference; lastKnownFileType = sourcecode.swift; path = AppDelegate.swift; sourceTree = "<group>"; };
		CC51BD392AFE5F5A00BC7402 /* SceneDelegate.swift */ = {isa = PBXFileReference; lastKnownFileType = sourcecode.swift; path = SceneDelegate.swift; sourceTree = "<group>"; };
		CC51BD3E2AFE5F5A00BC7402 /* Base */ = {isa = PBXFileReference; lastKnownFileType = file.storyboard; name = Base; path = Base.lproj/Main.storyboard; sourceTree = "<group>"; };
		CC51BD402AFE5F5B00BC7402 /* Assets.xcassets */ = {isa = PBXFileReference; lastKnownFileType = folder.assetcatalog; path = Assets.xcassets; sourceTree = "<group>"; };
		CC51BD432AFE5F5B00BC7402 /* Base */ = {isa = PBXFileReference; lastKnownFileType = file.storyboard; name = Base; path = Base.lproj/LaunchScreen.storyboard; sourceTree = "<group>"; };
		CC51BD452AFE5F5B00BC7402 /* Info.plist */ = {isa = PBXFileReference; lastKnownFileType = text.plist.xml; path = Info.plist; sourceTree = "<group>"; };
		CC51BD4E2AFE5F5C00BC7402 /* ZooInfoTests.swift */ = {isa = PBXFileReference; lastKnownFileType = sourcecode.swift; path = ZooInfoTests.swift; sourceTree = "<group>"; };
		CC51BD582AFE5F5C00BC7402 /* ZooInfoUITests.swift */ = {isa = PBXFileReference; lastKnownFileType = sourcecode.swift; path = ZooInfoUITests.swift; sourceTree = "<group>"; };
		CC51BD5A2AFE5F5C00BC7402 /* ZooInfoUITestsLaunchTests.swift */ = {isa = PBXFileReference; lastKnownFileType = sourcecode.swift; path = ZooInfoUITestsLaunchTests.swift; sourceTree = "<group>"; };
		CC51BD712AFE606900BC7402 /* AllAnimalInfo.swift */ = {isa = PBXFileReference; lastKnownFileType = sourcecode.swift; path = AllAnimalInfo.swift; sourceTree = "<group>"; };
		CC51BD732AFE607E00BC7402 /* ZooCategoryInfo.swift */ = {isa = PBXFileReference; lastKnownFileType = sourcecode.swift; path = ZooCategoryInfo.swift; sourceTree = "<group>"; };
		CC51BD762AFE60A600BC7402 /* Api.swift */ = {isa = PBXFileReference; lastKnownFileType = sourcecode.swift; path = Api.swift; sourceTree = "<group>"; };
		CC6F0AD82AFE9DC200EBB32D /* ZooInfo.entitlements */ = {isa = PBXFileReference; lastKnownFileType = text.plist.entitlements; path = ZooInfo.entitlements; sourceTree = "<group>"; };
		CC91BF2C2B0E090B008BDEE2 /* ZooInfo.app */ = {isa = PBXFileReference; explicitFileType = wrapper.application; includeInIndex = 0; path = ZooInfo.app; sourceTree = BUILT_PRODUCTS_DIR; };
		CCCE2B532AFF3D5B00AD33BB /* ZooCategoryVC.swift */ = {isa = PBXFileReference; lastKnownFileType = sourcecode.swift; path = ZooCategoryVC.swift; sourceTree = "<group>"; };
		CCCE2B552AFF3E8400AD33BB /* ZooCategoryItemCell.swift */ = {isa = PBXFileReference; lastKnownFileType = sourcecode.swift; path = ZooCategoryItemCell.swift; sourceTree = "<group>"; };
		CCCE2B562AFF3E8400AD33BB /* ZooCategoryItemCell.xib */ = {isa = PBXFileReference; lastKnownFileType = file.xib; path = ZooCategoryItemCell.xib; sourceTree = "<group>"; };
		CCCE2B5C2AFF813200AD33BB /* ZooCategoryViewModel.swift */ = {isa = PBXFileReference; lastKnownFileType = sourcecode.swift; path = ZooCategoryViewModel.swift; sourceTree = "<group>"; };
		CCCE2B5E2AFF814200AD33BB /* ZooCategoryRepository.swift */ = {isa = PBXFileReference; lastKnownFileType = sourcecode.swift; path = ZooCategoryRepository.swift; sourceTree = "<group>"; };
		CCCF6CC92B023D9F00E49CEC /* ZooSummaryVC.swift */ = {isa = PBXFileReference; lastKnownFileType = sourcecode.swift; path = ZooSummaryVC.swift; sourceTree = "<group>"; };
		CCCF6CD02B02416D00E49CEC /* UIColor+Extension.swift */ = {isa = PBXFileReference; lastKnownFileType = sourcecode.swift; path = "UIColor+Extension.swift"; sourceTree = "<group>"; };
		CCCF6CD22B024AC200E49CEC /* ZooSummaryItemCell.swift */ = {isa = PBXFileReference; fileEncoding = 4; lastKnownFileType = sourcecode.swift; path = ZooSummaryItemCell.swift; sourceTree = "<group>"; };
		CCCF6CD32B024AC200E49CEC /* ZooSummaryItemCell.xib */ = {isa = PBXFileReference; fileEncoding = 4; lastKnownFileType = file.xib; path = ZooSummaryItemCell.xib; sourceTree = "<group>"; };
		CCCF6CD82B03A8DE00E49CEC /* ZooSummaryRepository.swift */ = {isa = PBXFileReference; lastKnownFileType = sourcecode.swift; path = ZooSummaryRepository.swift; sourceTree = "<group>"; };
		CCCF6CDA2B03A8ED00E49CEC /* ZooSummaryViewModel.swift */ = {isa = PBXFileReference; lastKnownFileType = sourcecode.swift; path = ZooSummaryViewModel.swift; sourceTree = "<group>"; };
		CCCF6CDC2B03DC4D00E49CEC /* AllPlantInfo.swift */ = {isa = PBXFileReference; fileEncoding = 4; lastKnownFileType = sourcecode.swift; path = AllPlantInfo.swift; sourceTree = "<group>"; };
		CCCF6CDE2B05227D00E49CEC /* BaseRepository.swift */ = {isa = PBXFileReference; lastKnownFileType = sourcecode.swift; path = BaseRepository.swift; sourceTree = "<group>"; };
		CCCF6CE02B05232700E49CEC /* BaseViewModel.swift */ = {isa = PBXFileReference; lastKnownFileType = sourcecode.swift; path = BaseViewModel.swift; sourceTree = "<group>"; };
		CCCF6CE22B0523B700E49CEC /* BaseVC.swift */ = {isa = PBXFileReference; lastKnownFileType = sourcecode.swift; path = BaseVC.swift; sourceTree = "<group>"; };
		CCE613832B067F6700176345 /* animated_launch_icon.gif */ = {isa = PBXFileReference; lastKnownFileType = image.gif; path = animated_launch_icon.gif; sourceTree = "<group>"; };
		CCE613882B076EA900176345 /* ZooAboutVC.swift */ = {isa = PBXFileReference; lastKnownFileType = sourcecode.swift; path = ZooAboutVC.swift; sourceTree = "<group>"; };
		CCE6138C2B08FC9000176345 /* ZooMapVC.swift */ = {isa = PBXFileReference; lastKnownFileType = sourcecode.swift; path = ZooMapVC.swift; sourceTree = "<group>"; };
		CCE6138F2B08FE4600176345 /* WebKit.framework */ = {isa = PBXFileReference; lastKnownFileType = wrapper.framework; name = WebKit.framework; path = System/Library/Frameworks/WebKit.framework; sourceTree = SDKROOT; };
		CCE613982B0BD13400176345 /* ZooGameVC.swift */ = {isa = PBXFileReference; lastKnownFileType = sourcecode.swift; path = ZooGameVC.swift; sourceTree = "<group>"; };
		CCE6139A2B0BD14A00176345 /* ZooGameViewModel.swift */ = {isa = PBXFileReference; lastKnownFileType = sourcecode.swift; path = ZooGameViewModel.swift; sourceTree = "<group>"; };
		CCE6139E2B0BD46400176345 /* ZooCardItemCell.swift */ = {isa = PBXFileReference; lastKnownFileType = sourcecode.swift; path = ZooCardItemCell.swift; sourceTree = "<group>"; };
		CCE6139F2B0BD46400176345 /* ZooCardItemCell.xib */ = {isa = PBXFileReference; lastKnownFileType = file.xib; path = ZooCardItemCell.xib; sourceTree = "<group>"; };
		CCE613A22B0CD15300176345 /* Utils.swift */ = {isa = PBXFileReference; lastKnownFileType = sourcecode.swift; path = Utils.swift; sourceTree = "<group>"; };
/* End PBXFileReference section */

/* Begin PBXFrameworksBuildPhase section */
		CC51BD312AFE5F5A00BC7402 /* Frameworks */ = {
			isa = PBXFrameworksBuildPhase;
			buildActionMask = 2147483647;
			files = (
				CCE613932B09028D00176345 /* SKPhotoBrowser in Frameworks */,
				CCCE2B5B2AFF3E9400AD33BB /* Kingfisher in Frameworks */,
				CC51BD6D2AFE5FB600BC7402 /* RxMoya in Frameworks */,
				CCE613902B08FE4600176345 /* WebKit.framework in Frameworks */,
				CC51BD6B2AFE5FB600BC7402 /* Moya in Frameworks */,
				CC51BD692AFE5FB600BC7402 /* CombineMoya in Frameworks */,
				CCCE2B622AFF884400AD33BB /* ETBinding in Frameworks */,
			);
			runOnlyForDeploymentPostprocessing = 0;
		};
		CC51BD472AFE5F5C00BC7402 /* Frameworks */ = {
			isa = PBXFrameworksBuildPhase;
			buildActionMask = 2147483647;
			files = (
			);
			runOnlyForDeploymentPostprocessing = 0;
		};
		CC51BD512AFE5F5C00BC7402 /* Frameworks */ = {
			isa = PBXFrameworksBuildPhase;
			buildActionMask = 2147483647;
			files = (
			);
			runOnlyForDeploymentPostprocessing = 0;
		};
/* End PBXFrameworksBuildPhase section */

/* Begin PBXGroup section */
		CC51BD2B2AFE5F5A00BC7402 = {
			isa = PBXGroup;
			children = (
				CC51BD362AFE5F5A00BC7402 /* ZooInfo */,
				CC51BD4D2AFE5F5C00BC7402 /* ZooInfoTests */,
				CC51BD572AFE5F5C00BC7402 /* ZooInfoUITests */,
				CCE6138E2B08FE4500176345 /* Frameworks */,
				CC91BF2C2B0E090B008BDEE2 /* ZooInfo.app */,
				CC14320F2B10B09F0039A4E4 /* ZooInfoTests.xctest */,
				CC1432102B10B09F0039A4E4 /* ZooInfoUITests.xctest */,
			);
			sourceTree = "<group>";
		};
		CC51BD362AFE5F5A00BC7402 /* ZooInfo */ = {
			isa = PBXGroup;
			children = (
				CC6F0AD82AFE9DC200EBB32D /* ZooInfo.entitlements */,
				CC51BD702AFE604700BC7402 /* Api */,
				CC51BD782AFE61B000BC7402 /* Flow */,
				CCCF6CCE2B02412700E49CEC /* Util */,
				CCE613822B067E9C00176345 /* Resources */,
				CC51BD372AFE5F5A00BC7402 /* AppDelegate.swift */,
				CC51BD392AFE5F5A00BC7402 /* SceneDelegate.swift */,
			);
			path = ZooInfo;
			sourceTree = "<group>";
		};
		CC51BD4D2AFE5F5C00BC7402 /* ZooInfoTests */ = {
			isa = PBXGroup;
			children = (
				CC51BD4E2AFE5F5C00BC7402 /* ZooInfoTests.swift */,
			);
			path = ZooInfoTests;
			sourceTree = "<group>";
		};
		CC51BD572AFE5F5C00BC7402 /* ZooInfoUITests */ = {
			isa = PBXGroup;
			children = (
				CC51BD582AFE5F5C00BC7402 /* ZooInfoUITests.swift */,
				CC51BD5A2AFE5F5C00BC7402 /* ZooInfoUITestsLaunchTests.swift */,
			);
			path = ZooInfoUITests;
			sourceTree = "<group>";
		};
		CC51BD702AFE604700BC7402 /* Api */ = {
			isa = PBXGroup;
			children = (
				CC51BD752AFE609600BC7402 /* response */,
				CC51BD762AFE60A600BC7402 /* Api.swift */,
			);
			path = Api;
			sourceTree = "<group>";
		};
		CC51BD752AFE609600BC7402 /* response */ = {
			isa = PBXGroup;
			children = (
				CCCF6CDC2B03DC4D00E49CEC /* AllPlantInfo.swift */,
				CC51BD712AFE606900BC7402 /* AllAnimalInfo.swift */,
				CC51BD732AFE607E00BC7402 /* ZooCategoryInfo.swift */,
			);
			path = response;
			sourceTree = "<group>";
		};
		CC51BD782AFE61B000BC7402 /* Flow */ = {
			isa = PBXGroup;
			children = (
				CC51BD3D2AFE5F5A00BC7402 /* Main.storyboard */,
				CCCF6CE22B0523B700E49CEC /* BaseVC.swift */,
				CCCF6CE02B05232700E49CEC /* BaseViewModel.swift */,
				CCCF6CDE2B05227D00E49CEC /* BaseRepository.swift */,
				CCCE2B632AFFDB3100AD33BB /* ZooCategory */,
				CC9540A12B01DD5D00D051A5 /* ZooSummary */,
				CCE6138A2B08FC2000176345 /* ZooMap */,
				CCE613942B0BD0EB00176345 /* ZooGame */,
				CCE613862B076E1A00176345 /* ZooAbout */,
			);
			path = Flow;
			sourceTree = "<group>";
		};
		CC9540A12B01DD5D00D051A5 /* ZooSummary */ = {
			isa = PBXGroup;
			children = (
				CCCF6CC62B023D3600E49CEC /* View */,
				CCCF6CC72B023D6F00E49CEC /* ViewModel */,
				CCCF6CC82B023D7B00E49CEC /* Repository */,
			);
			path = ZooSummary;
			sourceTree = "<group>";
		};
		CCCE2B502AFF3D2900AD33BB /* Repository */ = {
			isa = PBXGroup;
			children = (
				CCCE2B5E2AFF814200AD33BB /* ZooCategoryRepository.swift */,
			);
			path = Repository;
			sourceTree = "<group>";
		};
		CCCE2B512AFF3D3000AD33BB /* ViewModel */ = {
			isa = PBXGroup;
			children = (
				CCCE2B5C2AFF813200AD33BB /* ZooCategoryViewModel.swift */,
			);
			path = ViewModel;
			sourceTree = "<group>";
		};
		CCCE2B522AFF3D3700AD33BB /* View */ = {
			isa = PBXGroup;
			children = (
				CCCE2B562AFF3E8400AD33BB /* ZooCategoryItemCell.xib */,
				CCCE2B532AFF3D5B00AD33BB /* ZooCategoryVC.swift */,
				CCCE2B552AFF3E8400AD33BB /* ZooCategoryItemCell.swift */,
			);
			path = View;
			sourceTree = "<group>";
		};
		CCCE2B632AFFDB3100AD33BB /* ZooCategory */ = {
			isa = PBXGroup;
			children = (
				CCCE2B522AFF3D3700AD33BB /* View */,
				CCCE2B512AFF3D3000AD33BB /* ViewModel */,
				CCCE2B502AFF3D2900AD33BB /* Repository */,
			);
			path = ZooCategory;
			sourceTree = "<group>";
		};
		CCCF6CC62B023D3600E49CEC /* View */ = {
			isa = PBXGroup;
			children = (
				CCCF6CD32B024AC200E49CEC /* ZooSummaryItemCell.xib */,
				CCCF6CD22B024AC200E49CEC /* ZooSummaryItemCell.swift */,
				CCCF6CC92B023D9F00E49CEC /* ZooSummaryVC.swift */,
			);
			path = View;
			sourceTree = "<group>";
		};
		CCCF6CC72B023D6F00E49CEC /* ViewModel */ = {
			isa = PBXGroup;
			children = (
				CCCF6CDA2B03A8ED00E49CEC /* ZooSummaryViewModel.swift */,
			);
			path = ViewModel;
			sourceTree = "<group>";
		};
		CCCF6CC82B023D7B00E49CEC /* Repository */ = {
			isa = PBXGroup;
			children = (
				CCCF6CD82B03A8DE00E49CEC /* ZooSummaryRepository.swift */,
			);
			path = Repository;
			sourceTree = "<group>";
		};
		CCCF6CCE2B02412700E49CEC /* Util */ = {
			isa = PBXGroup;
			children = (
				CCCF6CCF2B02413400E49CEC /* Extension */,
				CCE613A22B0CD15300176345 /* Utils.swift */,
			);
			path = Util;
			sourceTree = "<group>";
		};
		CCCF6CCF2B02413400E49CEC /* Extension */ = {
			isa = PBXGroup;
			children = (
				CCCF6CD02B02416D00E49CEC /* UIColor+Extension.swift */,
				CC1432112B1118070039A4E4 /* UIViewController+Extension.swift */,
			);
			path = Extension;
			sourceTree = "<group>";
		};
		CCE613822B067E9C00176345 /* Resources */ = {
			isa = PBXGroup;
			children = (
				CCE613832B067F6700176345 /* animated_launch_icon.gif */,
				CC51BD402AFE5F5B00BC7402 /* Assets.xcassets */,
				CC51BD422AFE5F5B00BC7402 /* LaunchScreen.storyboard */,
				CC51BD452AFE5F5B00BC7402 /* Info.plist */,
			);
			path = Resources;
			sourceTree = "<group>";
		};
		CCE613862B076E1A00176345 /* ZooAbout */ = {
			isa = PBXGroup;
			children = (
				CCE613872B076E2300176345 /* View */,
			);
			path = ZooAbout;
			sourceTree = "<group>";
		};
		CCE613872B076E2300176345 /* View */ = {
			isa = PBXGroup;
			children = (
				CCE613882B076EA900176345 /* ZooAboutVC.swift */,
			);
			path = View;
			sourceTree = "<group>";
		};
		CCE6138A2B08FC2000176345 /* ZooMap */ = {
			isa = PBXGroup;
			children = (
				CCE6138B2B08FC7200176345 /* View */,
			);
			path = ZooMap;
			sourceTree = "<group>";
		};
		CCE6138B2B08FC7200176345 /* View */ = {
			isa = PBXGroup;
			children = (
				CCE6138C2B08FC9000176345 /* ZooMapVC.swift */,
			);
			path = View;
			sourceTree = "<group>";
		};
		CCE6138E2B08FE4500176345 /* Frameworks */ = {
			isa = PBXGroup;
			children = (
				CCE6138F2B08FE4600176345 /* WebKit.framework */,
			);
			name = Frameworks;
			sourceTree = "<group>";
		};
		CCE613942B0BD0EB00176345 /* ZooGame */ = {
			isa = PBXGroup;
			children = (
				CCE613952B0BD0FD00176345 /* View */,
				CCE613962B0BD10200176345 /* ViewModel */,
			);
			path = ZooGame;
			sourceTree = "<group>";
		};
		CCE613952B0BD0FD00176345 /* View */ = {
			isa = PBXGroup;
			children = (
				CCE613982B0BD13400176345 /* ZooGameVC.swift */,
				CCE6139E2B0BD46400176345 /* ZooCardItemCell.swift */,
				CCE6139F2B0BD46400176345 /* ZooCardItemCell.xib */,
			);
			path = View;
			sourceTree = "<group>";
		};
		CCE613962B0BD10200176345 /* ViewModel */ = {
			isa = PBXGroup;
			children = (
				CCE6139A2B0BD14A00176345 /* ZooGameViewModel.swift */,
			);
			path = ViewModel;
			sourceTree = "<group>";
		};
/* End PBXGroup section */

/* Begin PBXNativeTarget section */
		CC51BD332AFE5F5A00BC7402 /* ZooInfo */ = {
			isa = PBXNativeTarget;
			buildConfigurationList = CC51BD5E2AFE5F5C00BC7402 /* Build configuration list for PBXNativeTarget "ZooInfo" */;
			buildPhases = (
				CC51BD302AFE5F5A00BC7402 /* Sources */,
				CC51BD312AFE5F5A00BC7402 /* Frameworks */,
				CC51BD322AFE5F5A00BC7402 /* Resources */,
			);
			buildRules = (
			);
			dependencies = (
			);
			name = ZooInfo;
			packageProductDependencies = (
				CC51BD682AFE5FB600BC7402 /* CombineMoya */,
				CC51BD6A2AFE5FB600BC7402 /* Moya */,
				CC51BD6C2AFE5FB600BC7402 /* RxMoya */,
				CCCE2B5A2AFF3E9400AD33BB /* Kingfisher */,
				CCCE2B612AFF884400AD33BB /* ETBinding */,
				CCE613922B09028D00176345 /* SKPhotoBrowser */,
			);
			productName = ZooInfo;
			productReference = CC91BF2C2B0E090B008BDEE2 /* ZooInfo.app */;
			productType = "com.apple.product-type.application";
		};
		CC51BD492AFE5F5C00BC7402 /* ZooInfoTests */ = {
			isa = PBXNativeTarget;
			buildConfigurationList = CC51BD612AFE5F5C00BC7402 /* Build configuration list for PBXNativeTarget "ZooInfoTests" */;
			buildPhases = (
				CC51BD462AFE5F5C00BC7402 /* Sources */,
				CC51BD472AFE5F5C00BC7402 /* Frameworks */,
				CC51BD482AFE5F5C00BC7402 /* Resources */,
			);
			buildRules = (
			);
			dependencies = (
				CC51BD4C2AFE5F5C00BC7402 /* PBXTargetDependency */,
			);
			name = ZooInfoTests;
			productName = ZooInfoTests;
			productReference = CC14320F2B10B09F0039A4E4 /* ZooInfoTests.xctest */;
			productType = "com.apple.product-type.bundle.unit-test";
		};
		CC51BD532AFE5F5C00BC7402 /* ZooInfoUITests */ = {
			isa = PBXNativeTarget;
			buildConfigurationList = CC51BD642AFE5F5C00BC7402 /* Build configuration list for PBXNativeTarget "ZooInfoUITests" */;
			buildPhases = (
				CC51BD502AFE5F5C00BC7402 /* Sources */,
				CC51BD512AFE5F5C00BC7402 /* Frameworks */,
				CC51BD522AFE5F5C00BC7402 /* Resources */,
			);
			buildRules = (
			);
			dependencies = (
				CC51BD562AFE5F5C00BC7402 /* PBXTargetDependency */,
			);
			name = ZooInfoUITests;
			productName = ZooInfoUITests;
			productReference = CC1432102B10B09F0039A4E4 /* ZooInfoUITests.xctest */;
			productType = "com.apple.product-type.bundle.ui-testing";
		};
/* End PBXNativeTarget section */

/* Begin PBXProject section */
		CC51BD2C2AFE5F5A00BC7402 /* Project object */ = {
			isa = PBXProject;
			attributes = {
				BuildIndependentTargetsInParallel = 1;
				LastSwiftUpdateCheck = 1500;
				LastUpgradeCheck = 1500;
				TargetAttributes = {
					CC51BD332AFE5F5A00BC7402 = {
						CreatedOnToolsVersion = 15.0.1;
					};
					CC51BD492AFE5F5C00BC7402 = {
						CreatedOnToolsVersion = 15.0.1;
						TestTargetID = CC51BD332AFE5F5A00BC7402;
					};
					CC51BD532AFE5F5C00BC7402 = {
						CreatedOnToolsVersion = 15.0.1;
						TestTargetID = CC51BD332AFE5F5A00BC7402;
					};
				};
			};
			buildConfigurationList = CC51BD2F2AFE5F5A00BC7402 /* Build configuration list for PBXProject "ZooInfo" */;
			compatibilityVersion = "Xcode 14.0";
			developmentRegion = en;
			hasScannedForEncodings = 0;
			knownRegions = (
				en,
				Base,
			);
			mainGroup = CC51BD2B2AFE5F5A00BC7402;
			packageReferences = (
				CC51BD672AFE5FB600BC7402 /* XCRemoteSwiftPackageReference "Moya" */,
				CCCE2B592AFF3E9400AD33BB /* XCRemoteSwiftPackageReference "Kingfisher" */,
				CCCE2B602AFF884400AD33BB /* XCRemoteSwiftPackageReference "ETBinding" */,
				CCE613912B09028D00176345 /* XCRemoteSwiftPackageReference "SKPhotoBrowser" */,
			);
			productRefGroup = CC51BD2B2AFE5F5A00BC7402;
			projectDirPath = "";
			projectRoot = "";
			targets = (
				CC51BD332AFE5F5A00BC7402 /* ZooInfo */,
				CC51BD492AFE5F5C00BC7402 /* ZooInfoTests */,
				CC51BD532AFE5F5C00BC7402 /* ZooInfoUITests */,
			);
		};
/* End PBXProject section */

/* Begin PBXResourcesBuildPhase section */
		CC51BD322AFE5F5A00BC7402 /* Resources */ = {
			isa = PBXResourcesBuildPhase;
			buildActionMask = 2147483647;
			files = (
				CC51BD442AFE5F5B00BC7402 /* LaunchScreen.storyboard in Resources */,
				CCCF6CD52B024AC300E49CEC /* ZooSummaryItemCell.xib in Resources */,
				CCCE2B582AFF3E8400AD33BB /* ZooCategoryItemCell.xib in Resources */,
				CCE613842B067F6700176345 /* animated_launch_icon.gif in Resources */,
				CC51BD412AFE5F5B00BC7402 /* Assets.xcassets in Resources */,
				CC51BD3F2AFE5F5A00BC7402 /* Main.storyboard in Resources */,
				CCE613A12B0BD46400176345 /* ZooCardItemCell.xib in Resources */,
			);
			runOnlyForDeploymentPostprocessing = 0;
		};
		CC51BD482AFE5F5C00BC7402 /* Resources */ = {
			isa = PBXResourcesBuildPhase;
			buildActionMask = 2147483647;
			files = (
			);
			runOnlyForDeploymentPostprocessing = 0;
		};
		CC51BD522AFE5F5C00BC7402 /* Resources */ = {
			isa = PBXResourcesBuildPhase;
			buildActionMask = 2147483647;
			files = (
			);
			runOnlyForDeploymentPostprocessing = 0;
		};
/* End PBXResourcesBuildPhase section */

/* Begin PBXSourcesBuildPhase section */
		CC51BD302AFE5F5A00BC7402 /* Sources */ = {
			isa = PBXSourcesBuildPhase;
			buildActionMask = 2147483647;
			files = (
				CC51BD772AFE60A600BC7402 /* Api.swift in Sources */,
				CCCE2B542AFF3D5B00AD33BB /* ZooCategoryVC.swift in Sources */,
				CCCF6CE12B05232700E49CEC /* BaseViewModel.swift in Sources */,
				CCE6139B2B0BD14A00176345 /* ZooGameViewModel.swift in Sources */,
				CC51BD722AFE606900BC7402 /* AllAnimalInfo.swift in Sources */,
				CCCF6CD12B02416D00E49CEC /* UIColor+Extension.swift in Sources */,
				CC51BD382AFE5F5A00BC7402 /* AppDelegate.swift in Sources */,
				CC51BD742AFE607E00BC7402 /* ZooCategoryInfo.swift in Sources */,
				CCCE2B5F2AFF814200AD33BB /* ZooCategoryRepository.swift in Sources */,
				CCCF6CDD2B03DC4D00E49CEC /* AllPlantInfo.swift in Sources */,
				CCCE2B572AFF3E8400AD33BB /* ZooCategoryItemCell.swift in Sources */,
				CCE613892B076EA900176345 /* ZooAboutVC.swift in Sources */,
				CCCF6CD42B024AC300E49CEC /* ZooSummaryItemCell.swift in Sources */,
				CC1432122B1118070039A4E4 /* UIViewController+Extension.swift in Sources */,
				CCE6138D2B08FC9000176345 /* ZooMapVC.swift in Sources */,
				CCCF6CDF2B05227D00E49CEC /* BaseRepository.swift in Sources */,
				CC51BD3A2AFE5F5A00BC7402 /* SceneDelegate.swift in Sources */,
				CCE613A02B0BD46400176345 /* ZooCardItemCell.swift in Sources */,
				CCCF6CE32B0523B700E49CEC /* BaseVC.swift in Sources */,
				CCCF6CCA2B023D9F00E49CEC /* ZooSummaryVC.swift in Sources */,
				CCCE2B5D2AFF813200AD33BB /* ZooCategoryViewModel.swift in Sources */,
				CCCF6CDB2B03A8ED00E49CEC /* ZooSummaryViewModel.swift in Sources */,
				CCCF6CD92B03A8DE00E49CEC /* ZooSummaryRepository.swift in Sources */,
				CCE613992B0BD13400176345 /* ZooGameVC.swift in Sources */,
				CCE613A32B0CD15300176345 /* Utils.swift in Sources */,
			);
			runOnlyForDeploymentPostprocessing = 0;
		};
		CC51BD462AFE5F5C00BC7402 /* Sources */ = {
			isa = PBXSourcesBuildPhase;
			buildActionMask = 2147483647;
			files = (
				CC51BD4F2AFE5F5C00BC7402 /* ZooInfoTests.swift in Sources */,
			);
			runOnlyForDeploymentPostprocessing = 0;
		};
		CC51BD502AFE5F5C00BC7402 /* Sources */ = {
			isa = PBXSourcesBuildPhase;
			buildActionMask = 2147483647;
			files = (
				CC51BD592AFE5F5C00BC7402 /* ZooInfoUITests.swift in Sources */,
				CC51BD5B2AFE5F5C00BC7402 /* ZooInfoUITestsLaunchTests.swift in Sources */,
			);
			runOnlyForDeploymentPostprocessing = 0;
		};
/* End PBXSourcesBuildPhase section */

/* Begin PBXTargetDependency section */
		CC51BD4C2AFE5F5C00BC7402 /* PBXTargetDependency */ = {
			isa = PBXTargetDependency;
			target = CC51BD332AFE5F5A00BC7402 /* ZooInfo */;
			targetProxy = CC51BD4B2AFE5F5C00BC7402 /* PBXContainerItemProxy */;
		};
		CC51BD562AFE5F5C00BC7402 /* PBXTargetDependency */ = {
			isa = PBXTargetDependency;
			target = CC51BD332AFE5F5A00BC7402 /* ZooInfo */;
			targetProxy = CC51BD552AFE5F5C00BC7402 /* PBXContainerItemProxy */;
		};
/* End PBXTargetDependency section */

/* Begin PBXVariantGroup section */
		CC51BD3D2AFE5F5A00BC7402 /* Main.storyboard */ = {
			isa = PBXVariantGroup;
			children = (
				CC51BD3E2AFE5F5A00BC7402 /* Base */,
			);
			name = Main.storyboard;
			sourceTree = "<group>";
		};
		CC51BD422AFE5F5B00BC7402 /* LaunchScreen.storyboard */ = {
			isa = PBXVariantGroup;
			children = (
				CC51BD432AFE5F5B00BC7402 /* Base */,
			);
			name = LaunchScreen.storyboard;
			sourceTree = "<group>";
		};
/* End PBXVariantGroup section */

/* Begin XCBuildConfiguration section */
		CC51BD5C2AFE5F5C00BC7402 /* Debug */ = {
			isa = XCBuildConfiguration;
			buildSettings = {
				ALWAYS_SEARCH_USER_PATHS = NO;
				ASSETCATALOG_COMPILER_GENERATE_SWIFT_ASSET_SYMBOL_EXTENSIONS = YES;
				CLANG_ANALYZER_NONNULL = YES;
				CLANG_ANALYZER_NUMBER_OBJECT_CONVERSION = YES_AGGRESSIVE;
				CLANG_CXX_LANGUAGE_STANDARD = "gnu++20";
				CLANG_ENABLE_MODULES = YES;
				CLANG_ENABLE_OBJC_ARC = YES;
				CLANG_ENABLE_OBJC_WEAK = YES;
				CLANG_WARN_BLOCK_CAPTURE_AUTORELEASING = YES;
				CLANG_WARN_BOOL_CONVERSION = YES;
				CLANG_WARN_COMMA = YES;
				CLANG_WARN_CONSTANT_CONVERSION = YES;
				CLANG_WARN_DEPRECATED_OBJC_IMPLEMENTATIONS = YES;
				CLANG_WARN_DIRECT_OBJC_ISA_USAGE = YES_ERROR;
				CLANG_WARN_DOCUMENTATION_COMMENTS = YES;
				CLANG_WARN_EMPTY_BODY = YES;
				CLANG_WARN_ENUM_CONVERSION = YES;
				CLANG_WARN_INFINITE_RECURSION = YES;
				CLANG_WARN_INT_CONVERSION = YES;
				CLANG_WARN_NON_LITERAL_NULL_CONVERSION = YES;
				CLANG_WARN_OBJC_IMPLICIT_RETAIN_SELF = YES;
				CLANG_WARN_OBJC_LITERAL_CONVERSION = YES;
				CLANG_WARN_OBJC_ROOT_CLASS = YES_ERROR;
				CLANG_WARN_QUOTED_INCLUDE_IN_FRAMEWORK_HEADER = YES;
				CLANG_WARN_RANGE_LOOP_ANALYSIS = YES;
				CLANG_WARN_STRICT_PROTOTYPES = YES;
				CLANG_WARN_SUSPICIOUS_MOVE = YES;
				CLANG_WARN_UNGUARDED_AVAILABILITY = YES_AGGRESSIVE;
				CLANG_WARN_UNREACHABLE_CODE = YES;
				CLANG_WARN__DUPLICATE_METHOD_MATCH = YES;
				COPY_PHASE_STRIP = NO;
				DEBUG_INFORMATION_FORMAT = dwarf;
				ENABLE_STRICT_OBJC_MSGSEND = YES;
				ENABLE_TESTABILITY = YES;
				ENABLE_USER_SCRIPT_SANDBOXING = YES;
				GCC_C_LANGUAGE_STANDARD = gnu17;
				GCC_DYNAMIC_NO_PIC = NO;
				GCC_NO_COMMON_BLOCKS = YES;
				GCC_OPTIMIZATION_LEVEL = 0;
				GCC_PREPROCESSOR_DEFINITIONS = (
					"DEBUG=1",
					"$(inherited)",
				);
				GCC_WARN_64_TO_32_BIT_CONVERSION = YES;
				GCC_WARN_ABOUT_RETURN_TYPE = YES_ERROR;
				GCC_WARN_UNDECLARED_SELECTOR = YES;
				GCC_WARN_UNINITIALIZED_AUTOS = YES_AGGRESSIVE;
				GCC_WARN_UNUSED_FUNCTION = YES;
				GCC_WARN_UNUSED_VARIABLE = YES;
				IPHONEOS_DEPLOYMENT_TARGET = 16.0;
				LOCALIZATION_PREFERS_STRING_CATALOGS = YES;
				MTL_ENABLE_DEBUG_INFO = INCLUDE_SOURCE;
				MTL_FAST_MATH = YES;
				ONLY_ACTIVE_ARCH = YES;
				SDKROOT = iphoneos;
				SWIFT_ACTIVE_COMPILATION_CONDITIONS = "DEBUG $(inherited)";
				SWIFT_OPTIMIZATION_LEVEL = "-Onone";
			};
			name = Debug;
		};
		CC51BD5D2AFE5F5C00BC7402 /* Release */ = {
			isa = XCBuildConfiguration;
			buildSettings = {
				ALWAYS_SEARCH_USER_PATHS = NO;
				ASSETCATALOG_COMPILER_GENERATE_SWIFT_ASSET_SYMBOL_EXTENSIONS = YES;
				CLANG_ANALYZER_NONNULL = YES;
				CLANG_ANALYZER_NUMBER_OBJECT_CONVERSION = YES_AGGRESSIVE;
				CLANG_CXX_LANGUAGE_STANDARD = "gnu++20";
				CLANG_ENABLE_MODULES = YES;
				CLANG_ENABLE_OBJC_ARC = YES;
				CLANG_ENABLE_OBJC_WEAK = YES;
				CLANG_WARN_BLOCK_CAPTURE_AUTORELEASING = YES;
				CLANG_WARN_BOOL_CONVERSION = YES;
				CLANG_WARN_COMMA = YES;
				CLANG_WARN_CONSTANT_CONVERSION = YES;
				CLANG_WARN_DEPRECATED_OBJC_IMPLEMENTATIONS = YES;
				CLANG_WARN_DIRECT_OBJC_ISA_USAGE = YES_ERROR;
				CLANG_WARN_DOCUMENTATION_COMMENTS = YES;
				CLANG_WARN_EMPTY_BODY = YES;
				CLANG_WARN_ENUM_CONVERSION = YES;
				CLANG_WARN_INFINITE_RECURSION = YES;
				CLANG_WARN_INT_CONVERSION = YES;
				CLANG_WARN_NON_LITERAL_NULL_CONVERSION = YES;
				CLANG_WARN_OBJC_IMPLICIT_RETAIN_SELF = YES;
				CLANG_WARN_OBJC_LITERAL_CONVERSION = YES;
				CLANG_WARN_OBJC_ROOT_CLASS = YES_ERROR;
				CLANG_WARN_QUOTED_INCLUDE_IN_FRAMEWORK_HEADER = YES;
				CLANG_WARN_RANGE_LOOP_ANALYSIS = YES;
				CLANG_WARN_STRICT_PROTOTYPES = YES;
				CLANG_WARN_SUSPICIOUS_MOVE = YES;
				CLANG_WARN_UNGUARDED_AVAILABILITY = YES_AGGRESSIVE;
				CLANG_WARN_UNREACHABLE_CODE = YES;
				CLANG_WARN__DUPLICATE_METHOD_MATCH = YES;
				COPY_PHASE_STRIP = NO;
				DEBUG_INFORMATION_FORMAT = "dwarf-with-dsym";
				ENABLE_NS_ASSERTIONS = NO;
				ENABLE_STRICT_OBJC_MSGSEND = YES;
				ENABLE_USER_SCRIPT_SANDBOXING = YES;
				GCC_C_LANGUAGE_STANDARD = gnu17;
				GCC_NO_COMMON_BLOCKS = YES;
				GCC_WARN_64_TO_32_BIT_CONVERSION = YES;
				GCC_WARN_ABOUT_RETURN_TYPE = YES_ERROR;
				GCC_WARN_UNDECLARED_SELECTOR = YES;
				GCC_WARN_UNINITIALIZED_AUTOS = YES_AGGRESSIVE;
				GCC_WARN_UNUSED_FUNCTION = YES;
				GCC_WARN_UNUSED_VARIABLE = YES;
				IPHONEOS_DEPLOYMENT_TARGET = 16.0;
				LOCALIZATION_PREFERS_STRING_CATALOGS = YES;
				MTL_ENABLE_DEBUG_INFO = NO;
				MTL_FAST_MATH = YES;
				SDKROOT = iphoneos;
				SWIFT_COMPILATION_MODE = wholemodule;
				VALIDATE_PRODUCT = YES;
			};
			name = Release;
		};
		CC51BD5F2AFE5F5C00BC7402 /* Debug */ = {
			isa = XCBuildConfiguration;
			buildSettings = {
				ASSETCATALOG_COMPILER_APPICON_NAME = AppIcon;
				ASSETCATALOG_COMPILER_GLOBAL_ACCENT_COLOR_NAME = AccentColor;
				ASSETCATALOG_COMPILER_INCLUDE_ALL_APPICON_ASSETS = NO;
				CODE_SIGN_ENTITLEMENTS = ZooInfo/ZooInfo.entitlements;
				CODE_SIGN_IDENTITY = "Apple Development";
				CODE_SIGN_STYLE = Automatic;
				CURRENT_PROJECT_VERSION = 8;
				DEVELOPMENT_TEAM = H2724L9BS5;
				GENERATE_INFOPLIST_FILE = YES;
				INFOPLIST_FILE = ZooInfo/Resources/Info.plist;
				INFOPLIST_KEY_CFBundleDisplayName = "動植物大觀園\n";
				INFOPLIST_KEY_LSApplicationCategoryType = "public.app-category.education";
				INFOPLIST_KEY_UIApplicationSupportsIndirectInputEvents = YES;
				INFOPLIST_KEY_UILaunchStoryboardName = LaunchScreen;
				INFOPLIST_KEY_UIMainStoryboardFile = Main;
				INFOPLIST_KEY_UISupportedInterfaceOrientations_iPad = "UIInterfaceOrientationPortrait UIInterfaceOrientationPortraitUpsideDown UIInterfaceOrientationLandscapeLeft UIInterfaceOrientationLandscapeRight";
				INFOPLIST_KEY_UISupportedInterfaceOrientations_iPhone = "UIInterfaceOrientationPortrait UIInterfaceOrientationLandscapeLeft UIInterfaceOrientationLandscapeRight";
				IPHONEOS_DEPLOYMENT_TARGET = 16.0;
				LD_RUNPATH_SEARCH_PATHS = (
					"$(inherited)",
					"@executable_path/Frameworks",
				);
				MARKETING_VERSION = 1.0.0;
				PRODUCT_BUNDLE_IDENTIFIER = "com.yomi.zoo-info";
				PRODUCT_NAME = "$(TARGET_NAME)";
				PROVISIONING_PROFILE_SPECIFIER = "";
				SWIFT_EMIT_LOC_STRINGS = YES;
				SWIFT_VERSION = 5.0;
				TARGETED_DEVICE_FAMILY = "1,2";
			};
			name = Debug;
		};
		CC51BD602AFE5F5C00BC7402 /* Release */ = {
			isa = XCBuildConfiguration;
			buildSettings = {
				ASSETCATALOG_COMPILER_APPICON_NAME = AppIcon;
				ASSETCATALOG_COMPILER_GLOBAL_ACCENT_COLOR_NAME = AccentColor;
				ASSETCATALOG_COMPILER_INCLUDE_ALL_APPICON_ASSETS = NO;
				CODE_SIGN_ENTITLEMENTS = ZooInfo/ZooInfo.entitlements;
				CODE_SIGN_IDENTITY = "Apple Development";
				CODE_SIGN_STYLE = Automatic;
				CURRENT_PROJECT_VERSION = 8;
				DEVELOPMENT_TEAM = H2724L9BS5;
				GENERATE_INFOPLIST_FILE = YES;
				INFOPLIST_FILE = ZooInfo/Resources/Info.plist;
				INFOPLIST_KEY_CFBundleDisplayName = "動植物大觀園\n";
				INFOPLIST_KEY_LSApplicationCategoryType = "public.app-category.education";
				INFOPLIST_KEY_UIApplicationSupportsIndirectInputEvents = YES;
				INFOPLIST_KEY_UILaunchStoryboardName = LaunchScreen;
				INFOPLIST_KEY_UIMainStoryboardFile = Main;
				INFOPLIST_KEY_UISupportedInterfaceOrientations_iPad = "UIInterfaceOrientationPortrait UIInterfaceOrientationPortraitUpsideDown UIInterfaceOrientationLandscapeLeft UIInterfaceOrientationLandscapeRight";
				INFOPLIST_KEY_UISupportedInterfaceOrientations_iPhone = "UIInterfaceOrientationPortrait UIInterfaceOrientationLandscapeLeft UIInterfaceOrientationLandscapeRight";
				IPHONEOS_DEPLOYMENT_TARGET = 16.0;
				LD_RUNPATH_SEARCH_PATHS = (
					"$(inherited)",
					"@executable_path/Frameworks",
				);
				MARKETING_VERSION = 1.0.0;
				PRODUCT_BUNDLE_IDENTIFIER = "com.yomi.zoo-info";
				PRODUCT_NAME = "$(TARGET_NAME)";
				PROVISIONING_PROFILE_SPECIFIER = "";
				SWIFT_EMIT_LOC_STRINGS = YES;
				SWIFT_VERSION = 5.0;
				TARGETED_DEVICE_FAMILY = "1,2";
			};
			name = Release;
		};
		CC51BD622AFE5F5C00BC7402 /* Debug */ = {
			isa = XCBuildConfiguration;
			buildSettings = {
				ALWAYS_EMBED_SWIFT_STANDARD_LIBRARIES = YES;
				BUNDLE_LOADER = "$(TEST_HOST)";
				CODE_SIGN_STYLE = Automatic;
				CURRENT_PROJECT_VERSION = 1;
				DEVELOPMENT_TEAM = H2724L9BS5;
				GENERATE_INFOPLIST_FILE = YES;
				IPHONEOS_DEPLOYMENT_TARGET = 16.0;
				MARKETING_VERSION = 1.0;
				PRODUCT_BUNDLE_IDENTIFIER = com.yomi.ZooInfoTests;
				PRODUCT_NAME = "$(TARGET_NAME)";
				SWIFT_EMIT_LOC_STRINGS = NO;
				SWIFT_VERSION = 5.0;
				TARGETED_DEVICE_FAMILY = "1,2";
				TEST_HOST = "$(BUILT_PRODUCTS_DIR)/ZooInfo.app/$(BUNDLE_EXECUTABLE_FOLDER_PATH)/ZooInfo";
			};
			name = Debug;
		};
		CC51BD632AFE5F5C00BC7402 /* Release */ = {
			isa = XCBuildConfiguration;
			buildSettings = {
				ALWAYS_EMBED_SWIFT_STANDARD_LIBRARIES = YES;
				BUNDLE_LOADER = "$(TEST_HOST)";
				CODE_SIGN_STYLE = Automatic;
				CURRENT_PROJECT_VERSION = 1;
				DEVELOPMENT_TEAM = H2724L9BS5;
				GENERATE_INFOPLIST_FILE = YES;
				IPHONEOS_DEPLOYMENT_TARGET = 16.0;
				MARKETING_VERSION = 1.0;
				PRODUCT_BUNDLE_IDENTIFIER = com.yomi.ZooInfoTests;
				PRODUCT_NAME = "$(TARGET_NAME)";
				SWIFT_EMIT_LOC_STRINGS = NO;
				SWIFT_VERSION = 5.0;
				TARGETED_DEVICE_FAMILY = "1,2";
				TEST_HOST = "$(BUILT_PRODUCTS_DIR)/ZooInfo.app/$(BUNDLE_EXECUTABLE_FOLDER_PATH)/ZooInfo";
			};
			name = Release;
		};
		CC51BD652AFE5F5C00BC7402 /* Debug */ = {
			isa = XCBuildConfiguration;
			buildSettings = {
				ALWAYS_EMBED_SWIFT_STANDARD_LIBRARIES = YES;
				CODE_SIGN_STYLE = Automatic;
				CURRENT_PROJECT_VERSION = 1;
				DEVELOPMENT_TEAM = H2724L9BS5;
				GENERATE_INFOPLIST_FILE = YES;
				MARKETING_VERSION = 1.0;
				PRODUCT_BUNDLE_IDENTIFIER = com.yomi.ZooInfoUITests;
				PRODUCT_NAME = "$(TARGET_NAME)";
				SWIFT_EMIT_LOC_STRINGS = NO;
				SWIFT_VERSION = 5.0;
				TARGETED_DEVICE_FAMILY = "1,2";
				TEST_TARGET_NAME = ZooInfo;
			};
			name = Debug;
		};
		CC51BD662AFE5F5C00BC7402 /* Release */ = {
			isa = XCBuildConfiguration;
			buildSettings = {
				ALWAYS_EMBED_SWIFT_STANDARD_LIBRARIES = YES;
				CODE_SIGN_STYLE = Automatic;
				CURRENT_PROJECT_VERSION = 1;
				DEVELOPMENT_TEAM = H2724L9BS5;
				GENERATE_INFOPLIST_FILE = YES;
				MARKETING_VERSION = 1.0;
				PRODUCT_BUNDLE_IDENTIFIER = com.yomi.ZooInfoUITests;
				PRODUCT_NAME = "$(TARGET_NAME)";
				SWIFT_EMIT_LOC_STRINGS = NO;
				SWIFT_VERSION = 5.0;
				TARGETED_DEVICE_FAMILY = "1,2";
				TEST_TARGET_NAME = ZooInfo;
			};
			name = Release;
		};
/* End XCBuildConfiguration section */

/* Begin XCConfigurationList section */
		CC51BD2F2AFE5F5A00BC7402 /* Build configuration list for PBXProject "ZooInfo" */ = {
			isa = XCConfigurationList;
			buildConfigurations = (
				CC51BD5C2AFE5F5C00BC7402 /* Debug */,
				CC51BD5D2AFE5F5C00BC7402 /* Release */,
			);
			defaultConfigurationIsVisible = 0;
			defaultConfigurationName = Release;
		};
		CC51BD5E2AFE5F5C00BC7402 /* Build configuration list for PBXNativeTarget "ZooInfo" */ = {
			isa = XCConfigurationList;
			buildConfigurations = (
				CC51BD5F2AFE5F5C00BC7402 /* Debug */,
				CC51BD602AFE5F5C00BC7402 /* Release */,
			);
			defaultConfigurationIsVisible = 0;
			defaultConfigurationName = Release;
		};
		CC51BD612AFE5F5C00BC7402 /* Build configuration list for PBXNativeTarget "ZooInfoTests" */ = {
			isa = XCConfigurationList;
			buildConfigurations = (
				CC51BD622AFE5F5C00BC7402 /* Debug */,
				CC51BD632AFE5F5C00BC7402 /* Release */,
			);
			defaultConfigurationIsVisible = 0;
			defaultConfigurationName = Release;
		};
		CC51BD642AFE5F5C00BC7402 /* Build configuration list for PBXNativeTarget "ZooInfoUITests" */ = {
			isa = XCConfigurationList;
			buildConfigurations = (
				CC51BD652AFE5F5C00BC7402 /* Debug */,
				CC51BD662AFE5F5C00BC7402 /* Release */,
			);
			defaultConfigurationIsVisible = 0;
			defaultConfigurationName = Release;
		};
/* End XCConfigurationList section */

/* Begin XCRemoteSwiftPackageReference section */
		CC51BD672AFE5FB600BC7402 /* XCRemoteSwiftPackageReference "Moya" */ = {
			isa = XCRemoteSwiftPackageReference;
			repositoryURL = "https://github.com/Moya/Moya.git";
			requirement = {
				kind = upToNextMajorVersion;
				minimumVersion = 15.0.3;
			};
		};
		CCCE2B592AFF3E9400AD33BB /* XCRemoteSwiftPackageReference "Kingfisher" */ = {
			isa = XCRemoteSwiftPackageReference;
			repositoryURL = "https://github.com/onevcat/Kingfisher";
			requirement = {
				kind = upToNextMajorVersion;
				minimumVersion = 7.10.0;
			};
		};
		CCCE2B602AFF884400AD33BB /* XCRemoteSwiftPackageReference "ETBinding" */ = {
			isa = XCRemoteSwiftPackageReference;
			repositoryURL = "https://github.com/EtneteraMobile/ETBinding";
			requirement = {
				kind = upToNextMajorVersion;
				minimumVersion = 3.4.0;
			};
		};
		CCE613912B09028D00176345 /* XCRemoteSwiftPackageReference "SKPhotoBrowser" */ = {
			isa = XCRemoteSwiftPackageReference;
			repositoryURL = "https://github.com/Yomiamy/SKPhotoBrowser";
			requirement = {
				branch = master;
				kind = branch;
			};
		};
/* End XCRemoteSwiftPackageReference section */

/* Begin XCSwiftPackageProductDependency section */
		CC51BD682AFE5FB600BC7402 /* CombineMoya */ = {
			isa = XCSwiftPackageProductDependency;
			package = CC51BD672AFE5FB600BC7402 /* XCRemoteSwiftPackageReference "Moya" */;
			productName = CombineMoya;
		};
		CC51BD6A2AFE5FB600BC7402 /* Moya */ = {
			isa = XCSwiftPackageProductDependency;
			package = CC51BD672AFE5FB600BC7402 /* XCRemoteSwiftPackageReference "Moya" */;
			productName = Moya;
		};
		CC51BD6C2AFE5FB600BC7402 /* RxMoya */ = {
			isa = XCSwiftPackageProductDependency;
			package = CC51BD672AFE5FB600BC7402 /* XCRemoteSwiftPackageReference "Moya" */;
			productName = RxMoya;
		};
		CCCE2B5A2AFF3E9400AD33BB /* Kingfisher */ = {
			isa = XCSwiftPackageProductDependency;
			package = CCCE2B592AFF3E9400AD33BB /* XCRemoteSwiftPackageReference "Kingfisher" */;
			productName = Kingfisher;
		};
		CCCE2B612AFF884400AD33BB /* ETBinding */ = {
			isa = XCSwiftPackageProductDependency;
			package = CCCE2B602AFF884400AD33BB /* XCRemoteSwiftPackageReference "ETBinding" */;
			productName = ETBinding;
		};
		CCE613922B09028D00176345 /* SKPhotoBrowser */ = {
			isa = XCSwiftPackageProductDependency;
			package = CCE613912B09028D00176345 /* XCRemoteSwiftPackageReference "SKPhotoBrowser" */;
			productName = SKPhotoBrowser;
		};
/* End XCSwiftPackageProductDependency section */
	};
	rootObject = CC51BD2C2AFE5F5A00BC7402 /* Project object */;
}
