// !$*UTF8*$!
{
	archiveVersion = 1;
	classes = {
	};
	objectVersion = 56;
	objects = {

/* Begin PBXBuildFile section */
		CC51BD382AFE5F5A00BC7402 /* AppDelegate.swift in Sources */ = {isa = PBXBuildFile; fileRef = CC51BD372AFE5F5A00BC7402 /* AppDelegate.swift */; };
		CC51BD3A2AFE5F5A00BC7402 /* SceneDelegate.swift in Sources */ = {isa = PBXBuildFile; fileRef = CC51BD392AFE5F5A00BC7402 /* SceneDelegate.swift */; };
		CC51BD3C2AFE5F5A00BC7402 /* ViewController.swift in Sources */ = {isa = PBXBuildFile; fileRef = CC51BD3B2AFE5F5A00BC7402 /* ViewController.swift */; };
		CC51BD3F2AFE5F5A00BC7402 /* Main.storyboard in Resources */ = {isa = PBXBuildFile; fileRef = CC51BD3D2AFE5F5A00BC7402 /* Main.storyboard */; };
		CC51BD412AFE5F5B00BC7402 /* Assets.xcassets in Resources */ = {isa = PBXBuildFile; fileRef = CC51BD402AFE5F5B00BC7402 /* Assets.xcassets */; };
		CC51BD442AFE5F5B00BC7402 /* LaunchScreen.storyboard in Resources */ = {isa = PBXBuildFile; fileRef = CC51BD422AFE5F5B00BC7402 /* LaunchScreen.storyboard */; };
		CC51BD4F2AFE5F5C00BC7402 /* ZooInfoTests.swift in Sources */ = {isa = PBXBuildFile; fileRef = CC51BD4E2AFE5F5C00BC7402 /* ZooInfoTests.swift */; };
		CC51BD592AFE5F5C00BC7402 /* ZooInfoUITests.swift in Sources */ = {isa = PBXBuildFile; fileRef = CC51BD582AFE5F5C00BC7402 /* ZooInfoUITests.swift */; };
		CC51BD5B2AFE5F5C00BC7402 /* ZooInfoUITestsLaunchTests.swift in Sources */ = {isa = PBXBuildFile; fileRef = CC51BD5A2AFE5F5C00BC7402 /* ZooInfoUITestsLaunchTests.swift */; };
		CC51BD692AFE5FB600BC7402 /* CombineMoya in Frameworks */ = {isa = PBXBuildFile; productRef = CC51BD682AFE5FB600BC7402 /* CombineMoya */; };
		CC51BD6B2AFE5FB600BC7402 /* Moya in Frameworks */ = {isa = PBXBuildFile; productRef = CC51BD6A2AFE5FB600BC7402 /* Moya */; };
		CC51BD6D2AFE5FB600BC7402 /* RxMoya in Frameworks */ = {isa = PBXBuildFile; productRef = CC51BD6C2AFE5FB600BC7402 /* RxMoya */; };
		CC51BD722AFE606900BC7402 /* AllZooInfo.swift in Sources */ = {isa = PBXBuildFile; fileRef = CC51BD712AFE606900BC7402 /* AllZooInfo.swift */; };
		CC51BD742AFE607E00BC7402 /* ZoomCategoryInfo.swift in Sources */ = {isa = PBXBuildFile; fileRef = CC51BD732AFE607E00BC7402 /* ZoomCategoryInfo.swift */; };
		CC51BD772AFE60A600BC7402 /* Api.swift in Sources */ = {isa = PBXBuildFile; fileRef = CC51BD762AFE60A600BC7402 /* Api.swift */; };
/* End PBXBuildFile section */

/* Begin PBXContainerItemProxy section */
		CC51BD4B2AFE5F5C00BC7402 /* PBXContainerItemProxy */ = {
			isa = PBXContainerItemProxy;
			containerPortal = CC51BD2C2AFE5F5A00BC7402 /* Project object */;
			proxyType = 1;
			remoteGlobalIDString = CC51BD332AFE5F5A00BC7402;
			remoteInfo = ZooInfo;
		};
		CC51BD552AFE5F5C00BC7402 /* PBXContainerItemProxy */ = {
			isa = PBXContainerItemProxy;
			containerPortal = CC51BD2C2AFE5F5A00BC7402 /* Project object */;
			proxyType = 1;
			remoteGlobalIDString = CC51BD332AFE5F5A00BC7402;
			remoteInfo = ZooInfo;
		};
/* End PBXContainerItemProxy section */

/* Begin PBXFileReference section */
		CC51BD342AFE5F5A00BC7402 /* ZooInfo.app */ = {isa = PBXFileReference; explicitFileType = wrapper.application; includeInIndex = 0; path = ZooInfo.app; sourceTree = BUILT_PRODUCTS_DIR; };
		CC51BD372AFE5F5A00BC7402 /* AppDelegate.swift */ = {isa = PBXFileReference; lastKnownFileType = sourcecode.swift; path = AppDelegate.swift; sourceTree = "<group>"; };
		CC51BD392AFE5F5A00BC7402 /* SceneDelegate.swift */ = {isa = PBXFileReference; lastKnownFileType = sourcecode.swift; path = SceneDelegate.swift; sourceTree = "<group>"; };
		CC51BD3B2AFE5F5A00BC7402 /* ViewController.swift */ = {isa = PBXFileReference; lastKnownFileType = sourcecode.swift; path = ViewController.swift; sourceTree = "<group>"; };
		CC51BD3E2AFE5F5A00BC7402 /* Base */ = {isa = PBXFileReference; lastKnownFileType = file.storyboard; name = Base; path = Base.lproj/Main.storyboard; sourceTree = "<group>"; };
		CC51BD402AFE5F5B00BC7402 /* Assets.xcassets */ = {isa = PBXFileReference; lastKnownFileType = folder.assetcatalog; path = Assets.xcassets; sourceTree = "<group>"; };
		CC51BD432AFE5F5B00BC7402 /* Base */ = {isa = PBXFileReference; lastKnownFileType = file.storyboard; name = Base; path = Base.lproj/LaunchScreen.storyboard; sourceTree = "<group>"; };
		CC51BD452AFE5F5B00BC7402 /* Info.plist */ = {isa = PBXFileReference; lastKnownFileType = text.plist.xml; path = Info.plist; sourceTree = "<group>"; };
		CC51BD4A2AFE5F5C00BC7402 /* ZooInfoTests.xctest */ = {isa = PBXFileReference; explicitFileType = wrapper.cfbundle; includeInIndex = 0; path = ZooInfoTests.xctest; sourceTree = BUILT_PRODUCTS_DIR; };
		CC51BD4E2AFE5F5C00BC7402 /* ZooInfoTests.swift */ = {isa = PBXFileReference; lastKnownFileType = sourcecode.swift; path = ZooInfoTests.swift; sourceTree = "<group>"; };
		CC51BD542AFE5F5C00BC7402 /* ZooInfoUITests.xctest */ = {isa = PBXFileReference; explicitFileType = wrapper.cfbundle; includeInIndex = 0; path = ZooInfoUITests.xctest; sourceTree = BUILT_PRODUCTS_DIR; };
		CC51BD582AFE5F5C00BC7402 /* ZooInfoUITests.swift */ = {isa = PBXFileReference; lastKnownFileType = sourcecode.swift; path = ZooInfoUITests.swift; sourceTree = "<group>"; };
		CC51BD5A2AFE5F5C00BC7402 /* ZooInfoUITestsLaunchTests.swift */ = {isa = PBXFileReference; lastKnownFileType = sourcecode.swift; path = ZooInfoUITestsLaunchTests.swift; sourceTree = "<group>"; };
		CC51BD712AFE606900BC7402 /* AllZooInfo.swift */ = {isa = PBXFileReference; lastKnownFileType = sourcecode.swift; path = AllZooInfo.swift; sourceTree = "<group>"; };
		CC51BD732AFE607E00BC7402 /* ZoomCategoryInfo.swift */ = {isa = PBXFileReference; lastKnownFileType = sourcecode.swift; path = ZoomCategoryInfo.swift; sourceTree = "<group>"; };
		CC51BD762AFE60A600BC7402 /* Api.swift */ = {isa = PBXFileReference; lastKnownFileType = sourcecode.swift; path = Api.swift; sourceTree = "<group>"; };
		CC6F0AD82AFE9DC200EBB32D /* ZooInfo.entitlements */ = {isa = PBXFileReference; lastKnownFileType = text.plist.entitlements; path = ZooInfo.entitlements; sourceTree = "<group>"; };
/* End PBXFileReference section */

/* Begin PBXFrameworksBuildPhase section */
		CC51BD312AFE5F5A00BC7402 /* Frameworks */ = {
			isa = PBXFrameworksBuildPhase;
			buildActionMask = 2147483647;
			files = (
				CC51BD6D2AFE5FB600BC7402 /* RxMoya in Frameworks */,
				CC51BD6B2AFE5FB600BC7402 /* Moya in Frameworks */,
				CC51BD692AFE5FB600BC7402 /* CombineMoya in Frameworks */,
			);
			runOnlyForDeploymentPostprocessing = 0;
		};
		CC51BD472AFE5F5C00BC7402 /* Frameworks */ = {
			isa = PBXFrameworksBuildPhase;
			buildActionMask = 2147483647;
			files = (
			);
			runOnlyForDeploymentPostprocessing = 0;
		};
		CC51BD512AFE5F5C00BC7402 /* Frameworks */ = {
			isa = PBXFrameworksBuildPhase;
			buildActionMask = 2147483647;
			files = (
			);
			runOnlyForDeploymentPostprocessing = 0;
		};
/* End PBXFrameworksBuildPhase section */

/* Begin PBXGroup section */
		CC51BD2B2AFE5F5A00BC7402 = {
			isa = PBXGroup;
			children = (
				CC51BD362AFE5F5A00BC7402 /* ZooInfo */,
				CC51BD4D2AFE5F5C00BC7402 /* ZooInfoTests */,
				CC51BD572AFE5F5C00BC7402 /* ZooInfoUITests */,
				CC51BD352AFE5F5A00BC7402 /* Products */,
			);
			sourceTree = "<group>";
		};
		CC51BD352AFE5F5A00BC7402 /* Products */ = {
			isa = PBXGroup;
			children = (
				CC51BD342AFE5F5A00BC7402 /* ZooInfo.app */,
				CC51BD4A2AFE5F5C00BC7402 /* ZooInfoTests.xctest */,
				CC51BD542AFE5F5C00BC7402 /* ZooInfoUITests.xctest */,
			);
			name = Products;
			sourceTree = "<group>";
		};
		CC51BD362AFE5F5A00BC7402 /* ZooInfo */ = {
			isa = PBXGroup;
			children = (
				CC6F0AD82AFE9DC200EBB32D /* ZooInfo.entitlements */,
				CC51BD782AFE61B000BC7402 /* flow */,
				CC51BD702AFE604700BC7402 /* api */,
				CC51BD372AFE5F5A00BC7402 /* AppDelegate.swift */,
				CC51BD392AFE5F5A00BC7402 /* SceneDelegate.swift */,
				CC51BD3B2AFE5F5A00BC7402 /* ViewController.swift */,
				CC51BD3D2AFE5F5A00BC7402 /* Main.storyboard */,
				CC51BD402AFE5F5B00BC7402 /* Assets.xcassets */,
				CC51BD422AFE5F5B00BC7402 /* LaunchScreen.storyboard */,
				CC51BD452AFE5F5B00BC7402 /* Info.plist */,
			);
			path = ZooInfo;
			sourceTree = "<group>";
		};
		CC51BD4D2AFE5F5C00BC7402 /* ZooInfoTests */ = {
			isa = PBXGroup;
			children = (
				CC51BD4E2AFE5F5C00BC7402 /* ZooInfoTests.swift */,
			);
			path = ZooInfoTests;
			sourceTree = "<group>";
		};
		CC51BD572AFE5F5C00BC7402 /* ZooInfoUITests */ = {
			isa = PBXGroup;
			children = (
				CC51BD582AFE5F5C00BC7402 /* ZooInfoUITests.swift */,
				CC51BD5A2AFE5F5C00BC7402 /* ZooInfoUITestsLaunchTests.swift */,
			);
			path = ZooInfoUITests;
			sourceTree = "<group>";
		};
		CC51BD702AFE604700BC7402 /* api */ = {
			isa = PBXGroup;
			children = (
				CC51BD752AFE609600BC7402 /* response */,
				CC51BD762AFE60A600BC7402 /* Api.swift */,
			);
			path = api;
			sourceTree = "<group>";
		};
		CC51BD752AFE609600BC7402 /* response */ = {
			isa = PBXGroup;
			children = (
				CC51BD712AFE606900BC7402 /* AllZooInfo.swift */,
				CC51BD732AFE607E00BC7402 /* ZoomCategoryInfo.swift */,
			);
			path = response;
			sourceTree = "<group>";
		};
		CC51BD782AFE61B000BC7402 /* flow */ = {
			isa = PBXGroup;
			children = (
			);
			path = flow;
			sourceTree = "<group>";
		};
/* End PBXGroup section */

/* Begin PBXNativeTarget section */
		CC51BD332AFE5F5A00BC7402 /* ZooInfo */ = {
			isa = PBXNativeTarget;
			buildConfigurationList = CC51BD5E2AFE5F5C00BC7402 /* Build configuration list for PBXNativeTarget "ZooInfo" */;
			buildPhases = (
				CC51BD302AFE5F5A00BC7402 /* Sources */,
				CC51BD312AFE5F5A00BC7402 /* Frameworks */,
				CC51BD322AFE5F5A00BC7402 /* Resources */,
			);
			buildRules = (
			);
			dependencies = (
			);
			name = ZooInfo;
			packageProductDependencies = (
				CC51BD682AFE5FB600BC7402 /* CombineMoya */,
				CC51BD6A2AFE5FB600BC7402 /* Moya */,
				CC51BD6C2AFE5FB600BC7402 /* RxMoya */,
			);
			productName = ZooInfo;
			productReference = CC51BD342AFE5F5A00BC7402 /* ZooInfo.app */;
			productType = "com.apple.product-type.application";
		};
		CC51BD492AFE5F5C00BC7402 /* ZooInfoTests */ = {
			isa = PBXNativeTarget;
			buildConfigurationList = CC51BD612AFE5F5C00BC7402 /* Build configuration list for PBXNativeTarget "ZooInfoTests" */;
			buildPhases = (
				CC51BD462AFE5F5C00BC7402 /* Sources */,
				CC51BD472AFE5F5C00BC7402 /* Frameworks */,
				CC51BD482AFE5F5C00BC7402 /* Resources */,
			);
			buildRules = (
			);
			dependencies = (
				CC51BD4C2AFE5F5C00BC7402 /* PBXTargetDependency */,
			);
			name = ZooInfoTests;
			productName = ZooInfoTests;
			productReference = CC51BD4A2AFE5F5C00BC7402 /* ZooInfoTests.xctest */;
			productType = "com.apple.product-type.bundle.unit-test";
		};
		CC51BD532AFE5F5C00BC7402 /* ZooInfoUITests */ = {
			isa = PBXNativeTarget;
			buildConfigurationList = CC51BD642AFE5F5C00BC7402 /* Build configuration list for PBXNativeTarget "ZooInfoUITests" */;
			buildPhases = (
				CC51BD502AFE5F5C00BC7402 /* Sources */,
				CC51BD512AFE5F5C00BC7402 /* Frameworks */,
				CC51BD522AFE5F5C00BC7402 /* Resources */,
			);
			buildRules = (
			);
			dependencies = (
				CC51BD562AFE5F5C00BC7402 /* PBXTargetDependency */,
			);
			name = ZooInfoUITests;
			productName = ZooInfoUITests;
			productReference = CC51BD542AFE5F5C00BC7402 /* ZooInfoUITests.xctest */;
			productType = "com.apple.product-type.bundle.ui-testing";
		};
/* End PBXNativeTarget section */

/* Begin PBXProject section */
		CC51BD2C2AFE5F5A00BC7402 /* Project object */ = {
			isa = PBXProject;
			attributes = {
				BuildIndependentTargetsInParallel = 1;
				LastSwiftUpdateCheck = 1500;
				LastUpgradeCheck = 1500;
				TargetAttributes = {
					CC51BD332AFE5F5A00BC7402 = {
						CreatedOnToolsVersion = 15.0.1;
					};
					CC51BD492AFE5F5C00BC7402 = {
						CreatedOnToolsVersion = 15.0.1;
						TestTargetID = CC51BD332AFE5F5A00BC7402;
					};
					CC51BD532AFE5F5C00BC7402 = {
						CreatedOnToolsVersion = 15.0.1;
						TestTargetID = CC51BD332AFE5F5A00BC7402;
					};
				};
			};
			buildConfigurationList = CC51BD2F2AFE5F5A00BC7402 /* Build configuration list for PBXProject "ZooInfo" */;
			compatibilityVersion = "Xcode 14.0";
			developmentRegion = en;
			hasScannedForEncodings = 0;
			knownRegions = (
				en,
				Base,
			);
			mainGroup = CC51BD2B2AFE5F5A00BC7402;
			packageReferences = (
				CC51BD672AFE5FB600BC7402 /* XCRemoteSwiftPackageReference "Moya" */,
			);
			productRefGroup = CC51BD352AFE5F5A00BC7402 /* Products */;
			projectDirPath = "";
			projectRoot = "";
			targets = (
				CC51BD332AFE5F5A00BC7402 /* ZooInfo */,
				CC51BD492AFE5F5C00BC7402 /* ZooInfoTests */,
				CC51BD532AFE5F5C00BC7402 /* ZooInfoUITests */,
			);
		};
/* End PBXProject section */

/* Begin PBXResourcesBuildPhase section */
		CC51BD322AFE5F5A00BC7402 /* Resources */ = {
			isa = PBXResourcesBuildPhase;
			buildActionMask = 2147483647;
			files = (
				CC51BD442AFE5F5B00BC7402 /* LaunchScreen.storyboard in Resources */,
				CC51BD412AFE5F5B00BC7402 /* Assets.xcassets in Resources */,
				CC51BD3F2AFE5F5A00BC7402 /* Main.storyboard in Resources */,
			);
			runOnlyForDeploymentPostprocessing = 0;
		};
		CC51BD482AFE5F5C00BC7402 /* Resources */ = {
			isa = PBXResourcesBuildPhase;
			buildActionMask = 2147483647;
			files = (
			);
			runOnlyForDeploymentPostprocessing = 0;
		};
		CC51BD522AFE5F5C00BC7402 /* Resources */ = {
			isa = PBXResourcesBuildPhase;
			buildActionMask = 2147483647;
			files = (
			);
			runOnlyForDeploymentPostprocessing = 0;
		};
/* End PBXResourcesBuildPhase section */

/* Begin PBXSourcesBuildPhase section */
		CC51BD302AFE5F5A00BC7402 /* Sources */ = {
			isa = PBXSourcesBuildPhase;
			buildActionMask = 2147483647;
			files = (
				CC51BD772AFE60A600BC7402 /* Api.swift in Sources */,
				CC51BD722AFE606900BC7402 /* AllZooInfo.swift in Sources */,
				CC51BD3C2AFE5F5A00BC7402 /* ViewController.swift in Sources */,
				CC51BD382AFE5F5A00BC7402 /* AppDelegate.swift in Sources */,
				CC51BD742AFE607E00BC7402 /* ZoomCategoryInfo.swift in Sources */,
				CC51BD3A2AFE5F5A00BC7402 /* SceneDelegate.swift in Sources */,
			);
			runOnlyForDeploymentPostprocessing = 0;
		};
		CC51BD462AFE5F5C00BC7402 /* Sources */ = {
			isa = PBXSourcesBuildPhase;
			buildActionMask = 2147483647;
			files = (
				CC51BD4F2AFE5F5C00BC7402 /* ZooInfoTests.swift in Sources */,
			);
			runOnlyForDeploymentPostprocessing = 0;
		};
		CC51BD502AFE5F5C00BC7402 /* Sources */ = {
			isa = PBXSourcesBuildPhase;
			buildActionMask = 2147483647;
			files = (
				CC51BD592AFE5F5C00BC7402 /* ZooInfoUITests.swift in Sources */,
				CC51BD5B2AFE5F5C00BC7402 /* ZooInfoUITestsLaunchTests.swift in Sources */,
			);
			runOnlyForDeploymentPostprocessing = 0;
		};
/* End PBXSourcesBuildPhase section */

/* Begin PBXTargetDependency section */
		CC51BD4C2AFE5F5C00BC7402 /* PBXTargetDependency */ = {
			isa = PBXTargetDependency;
			target = CC51BD332AFE5F5A00BC7402 /* ZooInfo */;
			targetProxy = CC51BD4B2AFE5F5C00BC7402 /* PBXContainerItemProxy */;
		};
		CC51BD562AFE5F5C00BC7402 /* PBXTargetDependency */ = {
			isa = PBXTargetDependency;
			target = CC51BD332AFE5F5A00BC7402 /* ZooInfo */;
			targetProxy = CC51BD552AFE5F5C00BC7402 /* PBXContainerItemProxy */;
		};
/* End PBXTargetDependency section */

/* Begin PBXVariantGroup section */
		CC51BD3D2AFE5F5A00BC7402 /* Main.storyboard */ = {
			isa = PBXVariantGroup;
			children = (
				CC51BD3E2AFE5F5A00BC7402 /* Base */,
			);
			name = Main.storyboard;
			sourceTree = "<group>";
		};
		CC51BD422AFE5F5B00BC7402 /* LaunchScreen.storyboard */ = {
			isa = PBXVariantGroup;
			children = (
				CC51BD432AFE5F5B00BC7402 /* Base */,
			);
			name = LaunchScreen.storyboard;
			sourceTree = "<group>";
		};
/* End PBXVariantGroup section */

/* Begin XCBuildConfiguration section */
		CC51BD5C2AFE5F5C00BC7402 /* Debug */ = {
			isa = XCBuildConfiguration;
			buildSettings = {
				ALWAYS_SEARCH_USER_PATHS = NO;
				ASSETCATALOG_COMPILER_GENERATE_SWIFT_ASSET_SYMBOL_EXTENSIONS = YES;
				CLANG_ANALYZER_NONNULL = YES;
				CLANG_ANALYZER_NUMBER_OBJECT_CONVERSION = YES_AGGRESSIVE;
				CLANG_CXX_LANGUAGE_STANDARD = "gnu++20";
				CLANG_ENABLE_MODULES = YES;
				CLANG_ENABLE_OBJC_ARC = YES;
				CLANG_ENABLE_OBJC_WEAK = YES;
				CLANG_WARN_BLOCK_CAPTURE_AUTORELEASING = YES;
				CLANG_WARN_BOOL_CONVERSION = YES;
				CLANG_WARN_COMMA = YES;
				CLANG_WARN_CONSTANT_CONVERSION = YES;
				CLANG_WARN_DEPRECATED_OBJC_IMPLEMENTATIONS = YES;
				CLANG_WARN_DIRECT_OBJC_ISA_USAGE = YES_ERROR;
				CLANG_WARN_DOCUMENTATION_COMMENTS = YES;
				CLANG_WARN_EMPTY_BODY = YES;
				CLANG_WARN_ENUM_CONVERSION = YES;
				CLANG_WARN_INFINITE_RECURSION = YES;
				CLANG_WARN_INT_CONVERSION = YES;
				CLANG_WARN_NON_LITERAL_NULL_CONVERSION = YES;
				CLANG_WARN_OBJC_IMPLICIT_RETAIN_SELF = YES;
				CLANG_WARN_OBJC_LITERAL_CONVERSION = YES;
				CLANG_WARN_OBJC_ROOT_CLASS = YES_ERROR;
				CLANG_WARN_QUOTED_INCLUDE_IN_FRAMEWORK_HEADER = YES;
				CLANG_WARN_RANGE_LOOP_ANALYSIS = YES;
				CLANG_WARN_STRICT_PROTOTYPES = YES;
				CLANG_WARN_SUSPICIOUS_MOVE = YES;
				CLANG_WARN_UNGUARDED_AVAILABILITY = YES_AGGRESSIVE;
				CLANG_WARN_UNREACHABLE_CODE = YES;
				CLANG_WARN__DUPLICATE_METHOD_MATCH = YES;
				COPY_PHASE_STRIP = NO;
				DEBUG_INFORMATION_FORMAT = dwarf;
				ENABLE_STRICT_OBJC_MSGSEND = YES;
				ENABLE_TESTABILITY = YES;
				ENABLE_USER_SCRIPT_SANDBOXING = YES;
				GCC_C_LANGUAGE_STANDARD = gnu17;
				GCC_DYNAMIC_NO_PIC = NO;
				GCC_NO_COMMON_BLOCKS = YES;
				GCC_OPTIMIZATION_LEVEL = 0;
				GCC_PREPROCESSOR_DEFINITIONS = (
					"DEBUG=1",
					"$(inherited)",
				);
				GCC_WARN_64_TO_32_BIT_CONVERSION = YES;
				GCC_WARN_ABOUT_RETURN_TYPE = YES_ERROR;
				GCC_WARN_UNDECLARED_SELECTOR = YES;
				GCC_WARN_UNINITIALIZED_AUTOS = YES_AGGRESSIVE;
				GCC_WARN_UNUSED_FUNCTION = YES;
				GCC_WARN_UNUSED_VARIABLE = YES;
				IPHONEOS_DEPLOYMENT_TARGET = 17.0;
				LOCALIZATION_PREFERS_STRING_CATALOGS = YES;
				MTL_ENABLE_DEBUG_INFO = INCLUDE_SOURCE;
				MTL_FAST_MATH = YES;
				ONLY_ACTIVE_ARCH = YES;
				SDKROOT = iphoneos;
				SWIFT_ACTIVE_COMPILATION_CONDITIONS = "DEBUG $(inherited)";
				SWIFT_OPTIMIZATION_LEVEL = "-Onone";
			};
			name = Debug;
		};
		CC51BD5D2AFE5F5C00BC7402 /* Release */ = {
			isa = XCBuildConfiguration;
			buildSettings = {
				ALWAYS_SEARCH_USER_PATHS = NO;
				ASSETCATALOG_COMPILER_GENERATE_SWIFT_ASSET_SYMBOL_EXTENSIONS = YES;
				CLANG_ANALYZER_NONNULL = YES;
				CLANG_ANALYZER_NUMBER_OBJECT_CONVERSION = YES_AGGRESSIVE;
				CLANG_CXX_LANGUAGE_STANDARD = "gnu++20";
				CLANG_ENABLE_MODULES = YES;
				CLANG_ENABLE_OBJC_ARC = YES;
				CLANG_ENABLE_OBJC_WEAK = YES;
				CLANG_WARN_BLOCK_CAPTURE_AUTORELEASING = YES;
				CLANG_WARN_BOOL_CONVERSION = YES;
				CLANG_WARN_COMMA = YES;
				CLANG_WARN_CONSTANT_CONVERSION = YES;
				CLANG_WARN_DEPRECATED_OBJC_IMPLEMENTATIONS = YES;
				CLANG_WARN_DIRECT_OBJC_ISA_USAGE = YES_ERROR;
				CLANG_WARN_DOCUMENTATION_COMMENTS = YES;
				CLANG_WARN_EMPTY_BODY = YES;
				CLANG_WARN_ENUM_CONVERSION = YES;
				CLANG_WARN_INFINITE_RECURSION = YES;
				CLANG_WARN_INT_CONVERSION = YES;
				CLANG_WARN_NON_LITERAL_NULL_CONVERSION = YES;
				CLANG_WARN_OBJC_IMPLICIT_RETAIN_SELF = YES;
				CLANG_WARN_OBJC_LITERAL_CONVERSION = YES;
				CLANG_WARN_OBJC_ROOT_CLASS = YES_ERROR;
				CLANG_WARN_QUOTED_INCLUDE_IN_FRAMEWORK_HEADER = YES;
				CLANG_WARN_RANGE_LOOP_ANALYSIS = YES;
				CLANG_WARN_STRICT_PROTOTYPES = YES;
				CLANG_WARN_SUSPICIOUS_MOVE = YES;
				CLANG_WARN_UNGUARDED_AVAILABILITY = YES_AGGRESSIVE;
				CLANG_WARN_UNREACHABLE_CODE = YES;
				CLANG_WARN__DUPLICATE_METHOD_MATCH = YES;
				COPY_PHASE_STRIP = NO;
				DEBUG_INFORMATION_FORMAT = "dwarf-with-dsym";
				ENABLE_NS_ASSERTIONS = NO;
				ENABLE_STRICT_OBJC_MSGSEND = YES;
				ENABLE_USER_SCRIPT_SANDBOXING = YES;
				GCC_C_LANGUAGE_STANDARD = gnu17;
				GCC_NO_COMMON_BLOCKS = YES;
				GCC_WARN_64_TO_32_BIT_CONVERSION = YES;
				GCC_WARN_ABOUT_RETURN_TYPE = YES_ERROR;
				GCC_WARN_UNDECLARED_SELECTOR = YES;
				GCC_WARN_UNINITIALIZED_AUTOS = YES_AGGRESSIVE;
				GCC_WARN_UNUSED_FUNCTION = YES;
				GCC_WARN_UNUSED_VARIABLE = YES;
				IPHONEOS_DEPLOYMENT_TARGET = 17.0;
				LOCALIZATION_PREFERS_STRING_CATALOGS = YES;
				MTL_ENABLE_DEBUG_INFO = NO;
				MTL_FAST_MATH = YES;
				SDKROOT = iphoneos;
				SWIFT_COMPILATION_MODE = wholemodule;
				VALIDATE_PRODUCT = YES;
			};
			name = Release;
		};
		CC51BD5F2AFE5F5C00BC7402 /* Debug */ = {
			isa = XCBuildConfiguration;
			buildSettings = {
				ASSETCATALOG_COMPILER_APPICON_NAME = AppIcon;
				ASSETCATALOG_COMPILER_GLOBAL_ACCENT_COLOR_NAME = AccentColor;
				CODE_SIGN_ENTITLEMENTS = ZooInfo/ZooInfo.entitlements;
				CODE_SIGN_IDENTITY = "Apple Development";
				CODE_SIGN_STYLE = Automatic;
				CURRENT_PROJECT_VERSION = 1;
				DEVELOPMENT_TEAM = H2724L9BS5;
				GENERATE_INFOPLIST_FILE = YES;
				INFOPLIST_FILE = ZooInfo/Info.plist;
				INFOPLIST_KEY_UIApplicationSupportsIndirectInputEvents = YES;
				INFOPLIST_KEY_UILaunchStoryboardName = LaunchScreen;
				INFOPLIST_KEY_UIMainStoryboardFile = Main;
				INFOPLIST_KEY_UISupportedInterfaceOrientations_iPad = "UIInterfaceOrientationPortrait UIInterfaceOrientationPortraitUpsideDown UIInterfaceOrientationLandscapeLeft UIInterfaceOrientationLandscapeRight";
				INFOPLIST_KEY_UISupportedInterfaceOrientations_iPhone = "UIInterfaceOrientationPortrait UIInterfaceOrientationLandscapeLeft UIInterfaceOrientationLandscapeRight";
				LD_RUNPATH_SEARCH_PATHS = (
					"$(inherited)",
					"@executable_path/Frameworks",
				);
				MARKETING_VERSION = 1.0;
				PRODUCT_BUNDLE_IDENTIFIER = "com.yomi.zoo-info";
				PRODUCT_NAME = "$(TARGET_NAME)";
				PROVISIONING_PROFILE_SPECIFIER = "";
				SWIFT_EMIT_LOC_STRINGS = YES;
				SWIFT_VERSION = 5.0;
				TARGETED_DEVICE_FAMILY = "1,2";
			};
			name = Debug;
		};
		CC51BD602AFE5F5C00BC7402 /* Release */ = {
			isa = XCBuildConfiguration;
			buildSettings = {
				ASSETCATALOG_COMPILER_APPICON_NAME = AppIcon;
				ASSETCATALOG_COMPILER_GLOBAL_ACCENT_COLOR_NAME = AccentColor;
				CODE_SIGN_ENTITLEMENTS = ZooInfo/ZooInfo.entitlements;
				CODE_SIGN_IDENTITY = "Apple Development";
				CODE_SIGN_STYLE = Automatic;
				CURRENT_PROJECT_VERSION = 1;
				DEVELOPMENT_TEAM = H2724L9BS5;
				GENERATE_INFOPLIST_FILE = YES;
				INFOPLIST_FILE = ZooInfo/Info.plist;
				INFOPLIST_KEY_UIApplicationSupportsIndirectInputEvents = YES;
				INFOPLIST_KEY_UILaunchStoryboardName = LaunchScreen;
				INFOPLIST_KEY_UIMainStoryboardFile = Main;
				INFOPLIST_KEY_UISupportedInterfaceOrientations_iPad = "UIInterfaceOrientationPortrait UIInterfaceOrientationPortraitUpsideDown UIInterfaceOrientationLandscapeLeft UIInterfaceOrientationLandscapeRight";
				INFOPLIST_KEY_UISupportedInterfaceOrientations_iPhone = "UIInterfaceOrientationPortrait UIInterfaceOrientationLandscapeLeft UIInterfaceOrientationLandscapeRight";
				LD_RUNPATH_SEARCH_PATHS = (
					"$(inherited)",
					"@executable_path/Frameworks",
				);
				MARKETING_VERSION = 1.0;
				PRODUCT_BUNDLE_IDENTIFIER = "com.yomi.zoo-info";
				PRODUCT_NAME = "$(TARGET_NAME)";
				PROVISIONING_PROFILE_SPECIFIER = "";
				SWIFT_EMIT_LOC_STRINGS = YES;
				SWIFT_VERSION = 5.0;
				TARGETED_DEVICE_FAMILY = "1,2";
			};
			name = Release;
		};
		CC51BD622AFE5F5C00BC7402 /* Debug */ = {
			isa = XCBuildConfiguration;
			buildSettings = {
				ALWAYS_EMBED_SWIFT_STANDARD_LIBRARIES = YES;
				BUNDLE_LOADER = "$(TEST_HOST)";
				CODE_SIGN_STYLE = Automatic;
				CURRENT_PROJECT_VERSION = 1;
				DEVELOPMENT_TEAM = H2724L9BS5;
				GENERATE_INFOPLIST_FILE = YES;
				IPHONEOS_DEPLOYMENT_TARGET = 17.0;
				MARKETING_VERSION = 1.0;
				PRODUCT_BUNDLE_IDENTIFIER = com.yomi.ZooInfoTests;
				PRODUCT_NAME = "$(TARGET_NAME)";
				SWIFT_EMIT_LOC_STRINGS = NO;
				SWIFT_VERSION = 5.0;
				TARGETED_DEVICE_FAMILY = "1,2";
				TEST_HOST = "$(BUILT_PRODUCTS_DIR)/ZooInfo.app/$(BUNDLE_EXECUTABLE_FOLDER_PATH)/ZooInfo";
			};
			name = Debug;
		};
		CC51BD632AFE5F5C00BC7402 /* Release */ = {
			isa = XCBuildConfiguration;
			buildSettings = {
				ALWAYS_EMBED_SWIFT_STANDARD_LIBRARIES = YES;
				BUNDLE_LOADER = "$(TEST_HOST)";
				CODE_SIGN_STYLE = Automatic;
				CURRENT_PROJECT_VERSION = 1;
				DEVELOPMENT_TEAM = H2724L9BS5;
				GENERATE_INFOPLIST_FILE = YES;
				IPHONEOS_DEPLOYMENT_TARGET = 17.0;
				MARKETING_VERSION = 1.0;
				PRODUCT_BUNDLE_IDENTIFIER = com.yomi.ZooInfoTests;
				PRODUCT_NAME = "$(TARGET_NAME)";
				SWIFT_EMIT_LOC_STRINGS = NO;
				SWIFT_VERSION = 5.0;
				TARGETED_DEVICE_FAMILY = "1,2";
				TEST_HOST = "$(BUILT_PRODUCTS_DIR)/ZooInfo.app/$(BUNDLE_EXECUTABLE_FOLDER_PATH)/ZooInfo";
			};
			name = Release;
		};
		CC51BD652AFE5F5C00BC7402 /* Debug */ = {
			isa = XCBuildConfiguration;
			buildSettings = {
				ALWAYS_EMBED_SWIFT_STANDARD_LIBRARIES = YES;
				CODE_SIGN_STYLE = Automatic;
				CURRENT_PROJECT_VERSION = 1;
				DEVELOPMENT_TEAM = H2724L9BS5;
				GENERATE_INFOPLIST_FILE = YES;
				MARKETING_VERSION = 1.0;
				PRODUCT_BUNDLE_IDENTIFIER = com.yomi.ZooInfoUITests;
				PRODUCT_NAME = "$(TARGET_NAME)";
				SWIFT_EMIT_LOC_STRINGS = NO;
				SWIFT_VERSION = 5.0;
				TARGETED_DEVICE_FAMILY = "1,2";
				TEST_TARGET_NAME = ZooInfo;
			};
			name = Debug;
		};
		CC51BD662AFE5F5C00BC7402 /* Release */ = {
			isa = XCBuildConfiguration;
			buildSettings = {
				ALWAYS_EMBED_SWIFT_STANDARD_LIBRARIES = YES;
				CODE_SIGN_STYLE = Automatic;
				CURRENT_PROJECT_VERSION = 1;
				DEVELOPMENT_TEAM = H2724L9BS5;
				GENERATE_INFOPLIST_FILE = YES;
				MARKETING_VERSION = 1.0;
				PRODUCT_BUNDLE_IDENTIFIER = com.yomi.ZooInfoUITests;
				PRODUCT_NAME = "$(TARGET_NAME)";
				SWIFT_EMIT_LOC_STRINGS = NO;
				SWIFT_VERSION = 5.0;
				TARGETED_DEVICE_FAMILY = "1,2";
				TEST_TARGET_NAME = ZooInfo;
			};
			name = Release;
		};
/* End XCBuildConfiguration section */

/* Begin XCConfigurationList section */
		CC51BD2F2AFE5F5A00BC7402 /* Build configuration list for PBXProject "ZooInfo" */ = {
			isa = XCConfigurationList;
			buildConfigurations = (
				CC51BD5C2AFE5F5C00BC7402 /* Debug */,
				CC51BD5D2AFE5F5C00BC7402 /* Release */,
			);
			defaultConfigurationIsVisible = 0;
			defaultConfigurationName = Release;
		};
		CC51BD5E2AFE5F5C00BC7402 /* Build configuration list for PBXNativeTarget "ZooInfo" */ = {
			isa = XCConfigurationList;
			buildConfigurations = (
				CC51BD5F2AFE5F5C00BC7402 /* Debug */,
				CC51BD602AFE5F5C00BC7402 /* Release */,
			);
			defaultConfigurationIsVisible = 0;
			defaultConfigurationName = Release;
		};
		CC51BD612AFE5F5C00BC7402 /* Build configuration list for PBXNativeTarget "ZooInfoTests" */ = {
			isa = XCConfigurationList;
			buildConfigurations = (
				CC51BD622AFE5F5C00BC7402 /* Debug */,
				CC51BD632AFE5F5C00BC7402 /* Release */,
			);
			defaultConfigurationIsVisible = 0;
			defaultConfigurationName = Release;
		};
		CC51BD642AFE5F5C00BC7402 /* Build configuration list for PBXNativeTarget "ZooInfoUITests" */ = {
			isa = XCConfigurationList;
			buildConfigurations = (
				CC51BD652AFE5F5C00BC7402 /* Debug */,
				CC51BD662AFE5F5C00BC7402 /* Release */,
			);
			defaultConfigurationIsVisible = 0;
			defaultConfigurationName = Release;
		};
/* End XCConfigurationList section */

/* Begin XCRemoteSwiftPackageReference section */
		CC51BD672AFE5FB600BC7402 /* XCRemoteSwiftPackageReference "Moya" */ = {
			isa = XCRemoteSwiftPackageReference;
			repositoryURL = "https://github.com/Moya/Moya.git";
			requirement = {
				kind = upToNextMajorVersion;
				minimumVersion = 15.0.3;
			};
		};
/* End XCRemoteSwiftPackageReference section */

/* Begin XCSwiftPackageProductDependency section */
		CC51BD682AFE5FB600BC7402 /* CombineMoya */ = {
			isa = XCSwiftPackageProductDependency;
			package = CC51BD672AFE5FB600BC7402 /* XCRemoteSwiftPackageReference "Moya" */;
			productName = CombineMoya;
		};
		CC51BD6A2AFE5FB600BC7402 /* Moya */ = {
			isa = XCSwiftPackageProductDependency;
			package = CC51BD672AFE5FB600BC7402 /* XCRemoteSwiftPackageReference "Moya" */;
			productName = Moya;
		};
		CC51BD6C2AFE5FB600BC7402 /* RxMoya */ = {
			isa = XCSwiftPackageProductDependency;
			package = CC51BD672AFE5FB600BC7402 /* XCRemoteSwiftPackageReference "Moya" */;
			productName = RxMoya;
		};
/* End XCSwiftPackageProductDependency section */
	};
	rootObject = CC51BD2C2AFE5F5A00BC7402 /* Project object */;
}
